// !$*UTF8*$!
{
	archiveVersion = 1;
	classes = {
	};
	objectVersion = 48;
	objects = {

/* Begin PBXBuildFile section */
		2201D76DCD9DD8ABF83DBF34 /* Pods_BaiduDownloader.framework in Frameworks */ = {isa = PBXBuildFile; fileRef = EEC99FB40D9B14CC6C5AC013 /* Pods_BaiduDownloader.framework */; };
		540CE4AE208EE72D00AE426D /* Alert.m in Sources */ = {isa = PBXBuildFile; fileRef = 540CE4AD208EE72D00AE426D /* Alert.m */; };
		540CE4B1208EFAC600AE426D /* AMRoundWindow.m in Sources */ = {isa = PBXBuildFile; fileRef = 540CE4B0208EFAC600AE426D /* AMRoundWindow.m */; };
		540CE4B4208EFB0400AE426D /* AMRoundView.m in Sources */ = {isa = PBXBuildFile; fileRef = 540CE4B3208EFB0400AE426D /* AMRoundView.m */; };
		540CE4BB208F157000AE426D /* closebox.png in Resources */ = {isa = PBXBuildFile; fileRef = 540CE4B6208F156F00AE426D /* closebox.png */; };
		540CE4BC208F157000AE426D /* url.png in Resources */ = {isa = PBXBuildFile; fileRef = 540CE4B7208F156F00AE426D /* url.png */; };
		540CE4BD208F157000AE426D /* closebox_pressed.png in Resources */ = {isa = PBXBuildFile; fileRef = 540CE4B8208F156F00AE426D /* closebox_pressed.png */; };
		540CE4BE208F157000AE426D /* trashfull.png in Resources */ = {isa = PBXBuildFile; fileRef = 540CE4B9208F156F00AE426D /* trashfull.png */; };
		540CE4BF208F157000AE426D /* trashempty.png in Resources */ = {isa = PBXBuildFile; fileRef = 540CE4BA208F156F00AE426D /* trashempty.png */; };
		540CE4C3208F15FF00AE426D /* notfoundover.png in Resources */ = {isa = PBXBuildFile; fileRef = 540CE4C0208F15FE00AE426D /* notfoundover.png */; };
		540CE4C4208F15FF00AE426D /* openinfinder64.png in Resources */ = {isa = PBXBuildFile; fileRef = 540CE4C1208F15FE00AE426D /* openinfinder64.png */; };
		540CE4C5208F15FF00AE426D /* openinfinder.png in Resources */ = {isa = PBXBuildFile; fileRef = 540CE4C2208F15FF00AE426D /* openinfinder.png */; };
		540D2C3A2085FD6700A5ED36 /* close.png in Resources */ = {isa = PBXBuildFile; fileRef = 540D2C392085FD6700A5ED36 /* close.png */; };
		540D2C3F2086050900A5ED36 /* NSOutlineView+Additions.m in Sources */ = {isa = PBXBuildFile; fileRef = 540D2C3E2086050900A5ED36 /* NSOutlineView+Additions.m */; };
		54140228206BD47100F8733E /* OrderedDictionary.m in Sources */ = {isa = PBXBuildFile; fileRef = 54140226206BD47100F8733E /* OrderedDictionary.m */; };
		541F24582074355700A186D5 /* NSObject+DebugDescription.m in Sources */ = {isa = PBXBuildFile; fileRef = 541F24572074355700A186D5 /* NSObject+DebugDescription.m */; };
		54461D28205F8ABC00C2835B /* AppDelegate.m in Sources */ = {isa = PBXBuildFile; fileRef = 54461D27205F8ABC00C2835B /* AppDelegate.m */; };
		54461D2B205F8ABC00C2835B /* ViewController.m in Sources */ = {isa = PBXBuildFile; fileRef = 54461D2A205F8ABC00C2835B /* ViewController.m */; };
		54461D2D205F8ABC00C2835B /* Assets.xcassets in Resources */ = {isa = PBXBuildFile; fileRef = 54461D2C205F8ABC00C2835B /* Assets.xcassets */; };
		54461D30205F8ABC00C2835B /* Main.storyboard in Resources */ = {isa = PBXBuildFile; fileRef = 54461D2E205F8ABC00C2835B /* Main.storyboard */; };
		54461D33205F8ABC00C2835B /* main.m in Sources */ = {isa = PBXBuildFile; fileRef = 54461D32205F8ABC00C2835B /* main.m */; };
		54461D3C205F8B6B00C2835B /* HttpUtil.m in Sources */ = {isa = PBXBuildFile; fileRef = 54461D3B205F8B6B00C2835B /* HttpUtil.m */; };
		5446E96D2075B8080080DBCC /* ImageAndTextCell.m in Sources */ = {isa = PBXBuildFile; fileRef = 5446E96C2075B8080080DBCC /* ImageAndTextCell.m */; };
		54538B0C208DAFCE008A4A0D /* RegisterWindowController.m in Sources */ = {isa = PBXBuildFile; fileRef = 54538B0A208DAFCE008A4A0D /* RegisterWindowController.m */; };
		54538B0D208DAFCE008A4A0D /* RegisterWindowController.xib in Resources */ = {isa = PBXBuildFile; fileRef = 54538B0B208DAFCE008A4A0D /* RegisterWindowController.xib */; };
		5455A9FB206C69430030D137 /* CustomTableRowView.m in Sources */ = {isa = PBXBuildFile; fileRef = 5455A9FA206C69430030D137 /* CustomTableRowView.m */; };
		5455A9FE206C697B0030D137 /* CustomTableCellView.m in Sources */ = {isa = PBXBuildFile; fileRef = 5455A9FD206C697B0030D137 /* CustomTableCellView.m */; };
		5465FAB4206A927D0054F573 /* background.jpg in Resources */ = {isa = PBXBuildFile; fileRef = 5465FAB3206A927D0054F573 /* background.jpg */; };
		5465FAC0206A94690054F573 /* JMOverlayView.m in Sources */ = {isa = PBXBuildFile; fileRef = 5465FABA206A94690054F573 /* JMOverlayView.m */; };
		5465FAC1206A94690054F573 /* JMModalOverlay.m in Sources */ = {isa = PBXBuildFile; fileRef = 5465FABB206A94690054F573 /* JMModalOverlay.m */; };
		5465FAC2206A94690054F573 /* JMModalOverlay-Info.plist in Resources */ = {isa = PBXBuildFile; fileRef = 5465FABC206A94690054F573 /* JMModalOverlay-Info.plist */; };
		5465FAC5206A94E00054F573 /* FileListVC.m in Sources */ = {isa = PBXBuildFile; fileRef = 5465FAC4206A94E00054F573 /* FileListVC.m */; };
		5465FAC8206A9EBE0054F573 /* ColorTitleButtonCell.m in Sources */ = {isa = PBXBuildFile; fileRef = 5465FAC7206A9EBE0054F573 /* ColorTitleButtonCell.m */; };
		546607442063291800370966 /* StringUtil.m in Sources */ = {isa = PBXBuildFile; fileRef = 546607432063291800370966 /* StringUtil.m */; };
		5467E4872064FD2900F39920 /* ClickableImageView.m in Sources */ = {isa = PBXBuildFile; fileRef = 5467E4862064FD2900F39920 /* ClickableImageView.m */; };
		549854512073280900AB8942 /* CustomTextFieldCell.m in Sources */ = {isa = PBXBuildFile; fileRef = 549854502073280900AB8942 /* CustomTextFieldCell.m */; };
		549854552073AE7D00AB8942 /* JRSwizzle.m in Sources */ = {isa = PBXBuildFile; fileRef = 549854542073AE7D00AB8942 /* JRSwizzle.m */; };
		549854602073B23500AB8942 /* NSDictionary+Unicode.m in Sources */ = {isa = PBXBuildFile; fileRef = 5498545F2073B23400AB8942 /* NSDictionary+Unicode.m */; };
		549854632073B4A000AB8942 /* NSArray+Unicode.m in Sources */ = {isa = PBXBuildFile; fileRef = 549854622073B4A000AB8942 /* NSArray+Unicode.m */; };
		549FFE00206C499F001C9D2B /* NSString+Hash.m in Sources */ = {isa = PBXBuildFile; fileRef = 549FFDFC206C499F001C9D2B /* NSString+Hash.m */; };
		549FFE01206C499F001C9D2B /* InternetDownloadManager.m in Sources */ = {isa = PBXBuildFile; fileRef = 549FFDFF206C499F001C9D2B /* InternetDownloadManager.m */; };
		54A25BA7206CEB8F00D3061A /* FileOutlineVC.m in Sources */ = {isa = PBXBuildFile; fileRef = 54A25BA6206CEB8F00D3061A /* FileOutlineVC.m */; };
		54A25BAA206CF9E000D3061A /* CustomOutlineView.m in Sources */ = {isa = PBXBuildFile; fileRef = 54A25BA9206CF9E000D3061A /* CustomOutlineView.m */; };
		54B93C5E2090CE6400907D9C /* ShellUtil.m in Sources */ = {isa = PBXBuildFile; fileRef = 54B93C5D2090CE6400907D9C /* ShellUtil.m */; };
		54BBF01320674AB800C27FF8 /* folx.png in Resources */ = {isa = PBXBuildFile; fileRef = 54BBF01120674AB800C27FF8 /* folx.png */; };
		54BBF01420674AB800C27FF8 /* thunder.png in Resources */ = {isa = PBXBuildFile; fileRef = 54BBF01220674AB800C27FF8 /* thunder.png */; };
		54BBF01620674C5200C27FF8 /* copy_link.png in Resources */ = {isa = PBXBuildFile; fileRef = 54BBF01520674C5200C27FF8 /* copy_link.png */; };
		54BBF01820674E7600C27FF8 /* convert.png in Resources */ = {isa = PBXBuildFile; fileRef = 54BBF01720674E7600C27FF8 /* convert.png */; };
		54BBF01A20676C7100C27FF8 /* arrows.png in Resources */ = {isa = PBXBuildFile; fileRef = 54BBF01920676C7100C27FF8 /* arrows.png */; };
		54BBF01C20676D6300C27FF8 /* download.png in Resources */ = {isa = PBXBuildFile; fileRef = 54BBF01B20676D6300C27FF8 /* download.png */; };
		54BBF0262067799C00C27FF8 /* checkcode.png in Resources */ = {isa = PBXBuildFile; fileRef = 54BBF0252067799B00C27FF8 /* checkcode.png */; };
		54BBF04A206815D100C27FF8 /* SetDataModel.m in Sources */ = {isa = PBXBuildFile; fileRef = 54BBF049206815D100C27FF8 /* SetDataModel.m */; };
		54CFC67D206378B8004F0C25 /* JavaScriptCore.framework in Frameworks */ = {isa = PBXBuildFile; fileRef = 54CFC67C206378B7004F0C25 /* JavaScriptCore.framework */; };
		54D940782090739600E63B2D /* aria2.conf in Resources */ = {isa = PBXBuildFile; fileRef = 54D9405C2090739600E63B2D /* aria2.conf */; };
		54D940792090739600E63B2D /* aria2.zip in Resources */ = {isa = PBXBuildFile; fileRef = 54D9405D2090739600E63B2D /* aria2.zip */; };
		54D9407A2090739600E63B2D /* CNAME in Resources */ = {isa = PBXBuildFile; fileRef = 54D9405E2090739600E63B2D /* CNAME */; };
		54D9407B2090739600E63B2D /* bootstrap-responsive.min.css in Resources */ = {isa = PBXBuildFile; fileRef = 54D940602090739600E63B2D /* bootstrap-responsive.min.css */; };
		54D9407C2090739600E63B2D /* bootstrap.min.css in Resources */ = {isa = PBXBuildFile; fileRef = 54D940612090739600E63B2D /* bootstrap.min.css */; };
		54D9407D2090739600E63B2D /* main.css in Resources */ = {isa = PBXBuildFile; fileRef = 54D940622090739600E63B2D /* main.css */; };
		54D9407E2090739600E63B2D /* favicon.ico in Resources */ = {isa = PBXBuildFile; fileRef = 54D940632090739600E63B2D /* favicon.ico */; };
		54D9407F2090739600E63B2D /* glyphicons-halflings-white.png in Resources */ = {isa = PBXBuildFile; fileRef = 54D940652090739600E63B2D /* glyphicons-halflings-white.png */; };
		54D940802090739600E63B2D /* glyphicons-halflings.png in Resources */ = {isa = PBXBuildFile; fileRef = 54D940662090739600E63B2D /* glyphicons-halflings.png */; };
		54D940812090739600E63B2D /* index.html in Resources */ = {isa = PBXBuildFile; fileRef = 54D940672090739600E63B2D /* index.html */; };
		54D940822090739600E63B2D /* aria2.js in Resources */ = {isa = PBXBuildFile; fileRef = 54D940692090739600E63B2D /* aria2.js */; };
		54D940832090739600E63B2D /* bootstrap.min.js in Resources */ = {isa = PBXBuildFile; fileRef = 54D9406A2090739600E63B2D /* bootstrap.min.js */; };
		54D940842090739600E63B2D /* jquery-1.7.2.min.js in Resources */ = {isa = PBXBuildFile; fileRef = 54D9406B2090739600E63B2D /* jquery-1.7.2.min.js */; };
		54D940852090739600E63B2D /* jquery.base64.min.js in Resources */ = {isa = PBXBuildFile; fileRef = 54D9406C2090739600E63B2D /* jquery.base64.min.js */; };
		54D940862090739600E63B2D /* jquery.jsonrpc.js in Resources */ = {isa = PBXBuildFile; fileRef = 54D9406D2090739600E63B2D /* jquery.jsonrpc.js */; };
		54D940872090739600E63B2D /* jquery.jsonrpc.min.js in Resources */ = {isa = PBXBuildFile; fileRef = 54D9406E2090739600E63B2D /* jquery.jsonrpc.min.js */; };
		54D940882090739600E63B2D /* jquery.Storage.min.js in Resources */ = {isa = PBXBuildFile; fileRef = 54D9406F2090739600E63B2D /* jquery.Storage.min.js */; };
		54D940892090739600E63B2D /* mustache.min.js in Resources */ = {isa = PBXBuildFile; fileRef = 54D940702090739600E63B2D /* mustache.min.js */; };
		54D9408A2090739600E63B2D /* peerid.js in Resources */ = {isa = PBXBuildFile; fileRef = 54D940712090739600E63B2D /* peerid.js */; };
		54D9408B2090739600E63B2D /* peerid.min.js in Resources */ = {isa = PBXBuildFile; fileRef = 54D940722090739600E63B2D /* peerid.min.js */; };
		54D9408C2090739600E63B2D /* yaaw.js in Resources */ = {isa = PBXBuildFile; fileRef = 54D940732090739600E63B2D /* yaaw.js */; };
		54D9408D2090739600E63B2D /* offline.appcache in Resources */ = {isa = PBXBuildFile; fileRef = 54D940742090739600E63B2D /* offline.appcache */; };
		54D9408E2090739600E63B2D /* README.md in Resources */ = {isa = PBXBuildFile; fileRef = 54D940752090739600E63B2D /* README.md */; };
		54D9408F2090739600E63B2D /* usage.html in Resources */ = {isa = PBXBuildFile; fileRef = 54D940762090739600E63B2D /* usage.html */; };
		54E48CAE206CCC400088B954 /* CustomOutlineRowView.m in Sources */ = {isa = PBXBuildFile; fileRef = 54E48CAD206CCC400088B954 /* CustomOutlineRowView.m */; };
		54E48CBA206CD2FE0088B954 /* CustomWindowVC.m in Sources */ = {isa = PBXBuildFile; fileRef = 54E48CB9206CD2FE0088B954 /* CustomWindowVC.m */; };
		54F9844B2086EC9B00C9E4D0 /* EULA.rtf in Resources */ = {isa = PBXBuildFile; fileRef = 54F984492086EC9B00C9E4D0 /* EULA.rtf */; };
		54F9844C2086EC9B00C9E4D0 /* Credits.rtf in Resources */ = {isa = PBXBuildFile; fileRef = 54F9844A2086EC9B00C9E4D0 /* Credits.rtf */; };
		54F9844E2086ECAF00C9E4D0 /* Localizable.strings in Resources */ = {isa = PBXBuildFile; fileRef = 54F9844D2086ECAE00C9E4D0 /* Localizable.strings */; };
		54F984542087206500C9E4D0 /* AboutWindow.xib in Resources */ = {isa = PBXBuildFile; fileRef = 54F984512087206500C9E4D0 /* AboutWindow.xib */; };
		54F984552087206500C9E4D0 /* AboutWindowController.m in Sources */ = {isa = PBXBuildFile; fileRef = 54F984532087206500C9E4D0 /* AboutWindowController.m */; };
		54F9845E2087366A00C9E4D0 /* Accelerate.framework in Frameworks */ = {isa = PBXBuildFile; fileRef = 54F9845D2087366A00C9E4D0 /* Accelerate.framework */; };
/* End PBXBuildFile section */

/* Begin PBXFileReference section */
		540CE4A8208ED20700AE426D /* Config.h */ = {isa = PBXFileReference; lastKnownFileType = sourcecode.c.h; path = Config.h; sourceTree = "<group>"; };
		540CE4AC208EE72D00AE426D /* Alert.h */ = {isa = PBXFileReference; lastKnownFileType = sourcecode.c.h; path = Alert.h; sourceTree = "<group>"; };
		540CE4AD208EE72D00AE426D /* Alert.m */ = {isa = PBXFileReference; lastKnownFileType = sourcecode.c.objc; path = Alert.m; sourceTree = "<group>"; };
		540CE4AF208EFAC600AE426D /* AMRoundWindow.h */ = {isa = PBXFileReference; lastKnownFileType = sourcecode.c.h; path = AMRoundWindow.h; sourceTree = "<group>"; };
		540CE4B0208EFAC600AE426D /* AMRoundWindow.m */ = {isa = PBXFileReference; lastKnownFileType = sourcecode.c.objc; path = AMRoundWindow.m; sourceTree = "<group>"; };
		540CE4B2208EFB0400AE426D /* AMRoundView.h */ = {isa = PBXFileReference; lastKnownFileType = sourcecode.c.h; path = AMRoundView.h; sourceTree = "<group>"; };
		540CE4B3208EFB0400AE426D /* AMRoundView.m */ = {isa = PBXFileReference; lastKnownFileType = sourcecode.c.objc; path = AMRoundView.m; sourceTree = "<group>"; };
		540CE4B6208F156F00AE426D /* closebox.png */ = {isa = PBXFileReference; lastKnownFileType = image.png; path = closebox.png; sourceTree = "<group>"; };
		540CE4B7208F156F00AE426D /* url.png */ = {isa = PBXFileReference; lastKnownFileType = image.png; path = url.png; sourceTree = "<group>"; };
		540CE4B8208F156F00AE426D /* closebox_pressed.png */ = {isa = PBXFileReference; lastKnownFileType = image.png; path = closebox_pressed.png; sourceTree = "<group>"; };
		540CE4B9208F156F00AE426D /* trashfull.png */ = {isa = PBXFileReference; lastKnownFileType = image.png; path = trashfull.png; sourceTree = "<group>"; };
		540CE4BA208F156F00AE426D /* trashempty.png */ = {isa = PBXFileReference; lastKnownFileType = image.png; path = trashempty.png; sourceTree = "<group>"; };
		540CE4C0208F15FE00AE426D /* notfoundover.png */ = {isa = PBXFileReference; lastKnownFileType = image.png; path = notfoundover.png; sourceTree = "<group>"; };
		540CE4C1208F15FE00AE426D /* openinfinder64.png */ = {isa = PBXFileReference; lastKnownFileType = image.png; path = openinfinder64.png; sourceTree = "<group>"; };
		540CE4C2208F15FF00AE426D /* openinfinder.png */ = {isa = PBXFileReference; lastKnownFileType = image.png; path = openinfinder.png; sourceTree = "<group>"; };
		540D2C392085FD6700A5ED36 /* close.png */ = {isa = PBXFileReference; lastKnownFileType = image.png; path = close.png; sourceTree = "<group>"; };
		540D2C3D2086050900A5ED36 /* NSOutlineView+Additions.h */ = {isa = PBXFileReference; lastKnownFileType = sourcecode.c.h; path = "NSOutlineView+Additions.h"; sourceTree = "<group>"; };
		540D2C3E2086050900A5ED36 /* NSOutlineView+Additions.m */ = {isa = PBXFileReference; lastKnownFileType = sourcecode.c.objc; path = "NSOutlineView+Additions.m"; sourceTree = "<group>"; };
		54140226206BD47100F8733E /* OrderedDictionary.m */ = {isa = PBXFileReference; fileEncoding = 4; lastKnownFileType = sourcecode.c.objc; path = OrderedDictionary.m; sourceTree = "<group>"; };
		54140227206BD47100F8733E /* OrderedDictionary.h */ = {isa = PBXFileReference; fileEncoding = 4; lastKnownFileType = sourcecode.c.h; path = OrderedDictionary.h; sourceTree = "<group>"; };
		541F24562074355700A186D5 /* NSObject+DebugDescription.h */ = {isa = PBXFileReference; lastKnownFileType = sourcecode.c.h; path = "NSObject+DebugDescription.h"; sourceTree = "<group>"; };
		541F24572074355700A186D5 /* NSObject+DebugDescription.m */ = {isa = PBXFileReference; lastKnownFileType = sourcecode.c.objc; path = "NSObject+DebugDescription.m"; sourceTree = "<group>"; };
		54461D23205F8ABC00C2835B /* BaiduDownloader.app */ = {isa = PBXFileReference; explicitFileType = wrapper.application; includeInIndex = 0; path = BaiduDownloader.app; sourceTree = BUILT_PRODUCTS_DIR; };
		54461D26205F8ABC00C2835B /* AppDelegate.h */ = {isa = PBXFileReference; lastKnownFileType = sourcecode.c.h; path = AppDelegate.h; sourceTree = "<group>"; };
		54461D27205F8ABC00C2835B /* AppDelegate.m */ = {isa = PBXFileReference; lastKnownFileType = sourcecode.c.objc; path = AppDelegate.m; sourceTree = "<group>"; };
		54461D29205F8ABC00C2835B /* ViewController.h */ = {isa = PBXFileReference; lastKnownFileType = sourcecode.c.h; path = ViewController.h; sourceTree = "<group>"; };
		54461D2A205F8ABC00C2835B /* ViewController.m */ = {isa = PBXFileReference; lastKnownFileType = sourcecode.c.objc; path = ViewController.m; sourceTree = "<group>"; };
		54461D2C205F8ABC00C2835B /* Assets.xcassets */ = {isa = PBXFileReference; lastKnownFileType = folder.assetcatalog; path = Assets.xcassets; sourceTree = "<group>"; };
		54461D2F205F8ABC00C2835B /* Base */ = {isa = PBXFileReference; lastKnownFileType = file.storyboard; name = Base; path = Base.lproj/Main.storyboard; sourceTree = "<group>"; };
		54461D31205F8ABC00C2835B /* Info.plist */ = {isa = PBXFileReference; lastKnownFileType = text.plist.xml; path = Info.plist; sourceTree = "<group>"; };
		54461D32205F8ABC00C2835B /* main.m */ = {isa = PBXFileReference; lastKnownFileType = sourcecode.c.objc; path = main.m; sourceTree = "<group>"; };
		54461D34205F8ABC00C2835B /* BaiduDownloader.entitlements */ = {isa = PBXFileReference; lastKnownFileType = text.plist.entitlements; path = BaiduDownloader.entitlements; sourceTree = "<group>"; };
		54461D3A205F8B6B00C2835B /* HttpUtil.h */ = {isa = PBXFileReference; lastKnownFileType = sourcecode.c.h; path = HttpUtil.h; sourceTree = "<group>"; };
		54461D3B205F8B6B00C2835B /* HttpUtil.m */ = {isa = PBXFileReference; lastKnownFileType = sourcecode.c.objc; path = HttpUtil.m; sourceTree = "<group>"; };
		5446E96B2075B8080080DBCC /* ImageAndTextCell.h */ = {isa = PBXFileReference; lastKnownFileType = sourcecode.c.h; path = ImageAndTextCell.h; sourceTree = "<group>"; };
		5446E96C2075B8080080DBCC /* ImageAndTextCell.m */ = {isa = PBXFileReference; lastKnownFileType = sourcecode.c.objc; path = ImageAndTextCell.m; sourceTree = "<group>"; };
		54538B09208DAFCE008A4A0D /* RegisterWindowController.h */ = {isa = PBXFileReference; lastKnownFileType = sourcecode.c.h; path = RegisterWindowController.h; sourceTree = "<group>"; };
		54538B0A208DAFCE008A4A0D /* RegisterWindowController.m */ = {isa = PBXFileReference; lastKnownFileType = sourcecode.c.objc; path = RegisterWindowController.m; sourceTree = "<group>"; };
		54538B0B208DAFCE008A4A0D /* RegisterWindowController.xib */ = {isa = PBXFileReference; lastKnownFileType = file.xib; path = RegisterWindowController.xib; sourceTree = "<group>"; };
		5455A9F9206C69430030D137 /* CustomTableRowView.h */ = {isa = PBXFileReference; lastKnownFileType = sourcecode.c.h; path = CustomTableRowView.h; sourceTree = "<group>"; };
		5455A9FA206C69430030D137 /* CustomTableRowView.m */ = {isa = PBXFileReference; lastKnownFileType = sourcecode.c.objc; path = CustomTableRowView.m; sourceTree = "<group>"; };
		5455A9FC206C697B0030D137 /* CustomTableCellView.h */ = {isa = PBXFileReference; lastKnownFileType = sourcecode.c.h; path = CustomTableCellView.h; sourceTree = "<group>"; };
		5455A9FD206C697B0030D137 /* CustomTableCellView.m */ = {isa = PBXFileReference; lastKnownFileType = sourcecode.c.objc; path = CustomTableCellView.m; sourceTree = "<group>"; };
		5465FAB3206A927D0054F573 /* background.jpg */ = {isa = PBXFileReference; lastKnownFileType = image.jpeg; path = background.jpg; sourceTree = "<group>"; };
		5465FAB8206A94690054F573 /* Version.h */ = {isa = PBXFileReference; fileEncoding = 4; lastKnownFileType = sourcecode.c.h; path = Version.h; sourceTree = "<group>"; };
		5465FABA206A94690054F573 /* JMOverlayView.m */ = {isa = PBXFileReference; fileEncoding = 4; lastKnownFileType = sourcecode.c.objc; path = JMOverlayView.m; sourceTree = "<group>"; };
		5465FABB206A94690054F573 /* JMModalOverlay.m */ = {isa = PBXFileReference; fileEncoding = 4; lastKnownFileType = sourcecode.c.objc; path = JMModalOverlay.m; sourceTree = "<group>"; };
		5465FABC206A94690054F573 /* JMModalOverlay-Info.plist */ = {isa = PBXFileReference; fileEncoding = 4; lastKnownFileType = text.plist.xml; path = "JMModalOverlay-Info.plist"; sourceTree = "<group>"; };
		5465FABD206A94690054F573 /* JMModalOverlay.h */ = {isa = PBXFileReference; fileEncoding = 4; lastKnownFileType = sourcecode.c.h; path = JMModalOverlay.h; sourceTree = "<group>"; };
		5465FABE206A94690054F573 /* JMOverlayView.h */ = {isa = PBXFileReference; fileEncoding = 4; lastKnownFileType = sourcecode.c.h; path = JMOverlayView.h; sourceTree = "<group>"; };
		5465FAC3206A94E00054F573 /* FileListVC.h */ = {isa = PBXFileReference; lastKnownFileType = sourcecode.c.h; path = FileListVC.h; sourceTree = "<group>"; };
		5465FAC4206A94E00054F573 /* FileListVC.m */ = {isa = PBXFileReference; lastKnownFileType = sourcecode.c.objc; path = FileListVC.m; sourceTree = "<group>"; };
		5465FAC6206A9EBE0054F573 /* ColorTitleButtonCell.h */ = {isa = PBXFileReference; lastKnownFileType = sourcecode.c.h; path = ColorTitleButtonCell.h; sourceTree = "<group>"; };
		5465FAC7206A9EBE0054F573 /* ColorTitleButtonCell.m */ = {isa = PBXFileReference; lastKnownFileType = sourcecode.c.objc; path = ColorTitleButtonCell.m; sourceTree = "<group>"; };
		546607422063291800370966 /* StringUtil.h */ = {isa = PBXFileReference; lastKnownFileType = sourcecode.c.h; path = StringUtil.h; sourceTree = "<group>"; };
		546607432063291800370966 /* StringUtil.m */ = {isa = PBXFileReference; lastKnownFileType = sourcecode.c.objc; path = StringUtil.m; sourceTree = "<group>"; };
		5467E4852064FD2900F39920 /* ClickableImageView.h */ = {isa = PBXFileReference; lastKnownFileType = sourcecode.c.h; path = ClickableImageView.h; sourceTree = "<group>"; };
		5467E4862064FD2900F39920 /* ClickableImageView.m */ = {isa = PBXFileReference; lastKnownFileType = sourcecode.c.objc; path = ClickableImageView.m; sourceTree = "<group>"; };
		5498544F2073280900AB8942 /* CustomTextFieldCell.h */ = {isa = PBXFileReference; lastKnownFileType = sourcecode.c.h; path = CustomTextFieldCell.h; sourceTree = "<group>"; };
		549854502073280900AB8942 /* CustomTextFieldCell.m */ = {isa = PBXFileReference; lastKnownFileType = sourcecode.c.objc; path = CustomTextFieldCell.m; sourceTree = "<group>"; };
		549854532073AE7D00AB8942 /* JRSwizzle.h */ = {isa = PBXFileReference; fileEncoding = 4; lastKnownFileType = sourcecode.c.h; path = JRSwizzle.h; sourceTree = "<group>"; };
		549854542073AE7D00AB8942 /* JRSwizzle.m */ = {isa = PBXFileReference; fileEncoding = 4; lastKnownFileType = sourcecode.c.objc; path = JRSwizzle.m; sourceTree = "<group>"; };
		5498545C2073B06800AB8942 /* PrefixHeader.pch */ = {isa = PBXFileReference; lastKnownFileType = sourcecode.c.h; path = PrefixHeader.pch; sourceTree = "<group>"; };
		5498545E2073B23400AB8942 /* NSDictionary+Unicode.h */ = {isa = PBXFileReference; fileEncoding = 4; lastKnownFileType = sourcecode.c.h; path = "NSDictionary+Unicode.h"; sourceTree = "<group>"; };
		5498545F2073B23400AB8942 /* NSDictionary+Unicode.m */ = {isa = PBXFileReference; fileEncoding = 4; lastKnownFileType = sourcecode.c.objc; path = "NSDictionary+Unicode.m"; sourceTree = "<group>"; };
		549854612073B4A000AB8942 /* NSArray+Unicode.h */ = {isa = PBXFileReference; lastKnownFileType = sourcecode.c.h; path = "NSArray+Unicode.h"; sourceTree = "<group>"; };
		549854622073B4A000AB8942 /* NSArray+Unicode.m */ = {isa = PBXFileReference; lastKnownFileType = sourcecode.c.objc; path = "NSArray+Unicode.m"; sourceTree = "<group>"; };
		549FFDFC206C499F001C9D2B /* NSString+Hash.m */ = {isa = PBXFileReference; fileEncoding = 4; lastKnownFileType = sourcecode.c.objc; path = "NSString+Hash.m"; sourceTree = "<group>"; };
		549FFDFD206C499F001C9D2B /* InternetDownloadManager.h */ = {isa = PBXFileReference; fileEncoding = 4; lastKnownFileType = sourcecode.c.h; path = InternetDownloadManager.h; sourceTree = "<group>"; };
		549FFDFE206C499F001C9D2B /* NSString+Hash.h */ = {isa = PBXFileReference; fileEncoding = 4; lastKnownFileType = sourcecode.c.h; path = "NSString+Hash.h"; sourceTree = "<group>"; };
		549FFDFF206C499F001C9D2B /* InternetDownloadManager.m */ = {isa = PBXFileReference; fileEncoding = 4; lastKnownFileType = sourcecode.c.objc; path = InternetDownloadManager.m; sourceTree = "<group>"; };
		54A25BA5206CEB8F00D3061A /* FileOutlineVC.h */ = {isa = PBXFileReference; lastKnownFileType = sourcecode.c.h; path = FileOutlineVC.h; sourceTree = "<group>"; };
		54A25BA6206CEB8F00D3061A /* FileOutlineVC.m */ = {isa = PBXFileReference; lastKnownFileType = sourcecode.c.objc; path = FileOutlineVC.m; sourceTree = "<group>"; };
		54A25BA8206CF9E000D3061A /* CustomOutlineView.h */ = {isa = PBXFileReference; lastKnownFileType = sourcecode.c.h; path = CustomOutlineView.h; sourceTree = "<group>"; };
		54A25BA9206CF9E000D3061A /* CustomOutlineView.m */ = {isa = PBXFileReference; lastKnownFileType = sourcecode.c.objc; path = CustomOutlineView.m; sourceTree = "<group>"; };
		54B93C5C2090CE6300907D9C /* ShellUtil.h */ = {isa = PBXFileReference; fileEncoding = 4; lastKnownFileType = sourcecode.c.h; path = ShellUtil.h; sourceTree = "<group>"; };
		54B93C5D2090CE6400907D9C /* ShellUtil.m */ = {isa = PBXFileReference; fileEncoding = 4; lastKnownFileType = sourcecode.c.objc; path = ShellUtil.m; sourceTree = "<group>"; };
		54BBF01120674AB800C27FF8 /* folx.png */ = {isa = PBXFileReference; lastKnownFileType = image.png; path = folx.png; sourceTree = "<group>"; };
		54BBF01220674AB800C27FF8 /* thunder.png */ = {isa = PBXFileReference; lastKnownFileType = image.png; path = thunder.png; sourceTree = "<group>"; };
		54BBF01520674C5200C27FF8 /* copy_link.png */ = {isa = PBXFileReference; lastKnownFileType = image.png; path = copy_link.png; sourceTree = "<group>"; };
		54BBF01720674E7600C27FF8 /* convert.png */ = {isa = PBXFileReference; lastKnownFileType = image.png; path = convert.png; sourceTree = "<group>"; };
		54BBF01920676C7100C27FF8 /* arrows.png */ = {isa = PBXFileReference; lastKnownFileType = image.png; path = arrows.png; sourceTree = "<group>"; };
		54BBF01B20676D6300C27FF8 /* download.png */ = {isa = PBXFileReference; lastKnownFileType = image.png; path = download.png; sourceTree = "<group>"; };
		54BBF0252067799B00C27FF8 /* checkcode.png */ = {isa = PBXFileReference; lastKnownFileType = image.png; path = checkcode.png; sourceTree = "<group>"; };
		54BBF0272068097600C27FF8 /* libxml2.2.tbd */ = {isa = PBXFileReference; lastKnownFileType = "sourcecode.text-based-dylib-definition"; name = libxml2.2.tbd; path = usr/lib/libxml2.2.tbd; sourceTree = SDKROOT; };
		54BBF048206815D100C27FF8 /* SetDataModel.h */ = {isa = PBXFileReference; lastKnownFileType = sourcecode.c.h; path = SetDataModel.h; sourceTree = "<group>"; };
		54BBF049206815D100C27FF8 /* SetDataModel.m */ = {isa = PBXFileReference; lastKnownFileType = sourcecode.c.objc; path = SetDataModel.m; sourceTree = "<group>"; };
		54CFC67C206378B7004F0C25 /* JavaScriptCore.framework */ = {isa = PBXFileReference; lastKnownFileType = wrapper.framework; name = JavaScriptCore.framework; path = System/Library/Frameworks/JavaScriptCore.framework; sourceTree = SDKROOT; };
		54D9405C2090739600E63B2D /* aria2.conf */ = {isa = PBXFileReference; fileEncoding = 4; lastKnownFileType = text; path = aria2.conf; sourceTree = "<group>"; };
		54D9405D2090739600E63B2D /* aria2.zip */ = {isa = PBXFileReference; lastKnownFileType = archive.zip; path = aria2.zip; sourceTree = "<group>"; };
		54D9405E2090739600E63B2D /* CNAME */ = {isa = PBXFileReference; fileEncoding = 4; lastKnownFileType = text; path = CNAME; sourceTree = "<group>"; };
		54D940602090739600E63B2D /* bootstrap-responsive.min.css */ = {isa = PBXFileReference; fileEncoding = 4; lastKnownFileType = text.css; path = "bootstrap-responsive.min.css"; sourceTree = "<group>"; };
		54D940612090739600E63B2D /* bootstrap.min.css */ = {isa = PBXFileReference; fileEncoding = 4; lastKnownFileType = text.css; path = bootstrap.min.css; sourceTree = "<group>"; };
		54D940622090739600E63B2D /* main.css */ = {isa = PBXFileReference; fileEncoding = 4; lastKnownFileType = text.css; path = main.css; sourceTree = "<group>"; };
		54D940632090739600E63B2D /* favicon.ico */ = {isa = PBXFileReference; lastKnownFileType = image.ico; path = favicon.ico; sourceTree = "<group>"; };
		54D940652090739600E63B2D /* glyphicons-halflings-white.png */ = {isa = PBXFileReference; lastKnownFileType = image.png; path = "glyphicons-halflings-white.png"; sourceTree = "<group>"; };
		54D940662090739600E63B2D /* glyphicons-halflings.png */ = {isa = PBXFileReference; lastKnownFileType = image.png; path = "glyphicons-halflings.png"; sourceTree = "<group>"; };
		54D940672090739600E63B2D /* index.html */ = {isa = PBXFileReference; fileEncoding = 4; lastKnownFileType = text.html; path = index.html; sourceTree = "<group>"; };
		54D940692090739600E63B2D /* aria2.js */ = {isa = PBXFileReference; fileEncoding = 4; lastKnownFileType = sourcecode.javascript; path = aria2.js; sourceTree = "<group>"; };
		54D9406A2090739600E63B2D /* bootstrap.min.js */ = {isa = PBXFileReference; fileEncoding = 4; lastKnownFileType = sourcecode.javascript; path = bootstrap.min.js; sourceTree = "<group>"; };
		54D9406B2090739600E63B2D /* jquery-1.7.2.min.js */ = {isa = PBXFileReference; fileEncoding = 4; lastKnownFileType = sourcecode.javascript; path = "jquery-1.7.2.min.js"; sourceTree = "<group>"; };
		54D9406C2090739600E63B2D /* jquery.base64.min.js */ = {isa = PBXFileReference; fileEncoding = 4; lastKnownFileType = sourcecode.javascript; path = jquery.base64.min.js; sourceTree = "<group>"; };
		54D9406D2090739600E63B2D /* jquery.jsonrpc.js */ = {isa = PBXFileReference; fileEncoding = 4; lastKnownFileType = sourcecode.javascript; path = jquery.jsonrpc.js; sourceTree = "<group>"; };
		54D9406E2090739600E63B2D /* jquery.jsonrpc.min.js */ = {isa = PBXFileReference; fileEncoding = 4; lastKnownFileType = sourcecode.javascript; path = jquery.jsonrpc.min.js; sourceTree = "<group>"; };
		54D9406F2090739600E63B2D /* jquery.Storage.min.js */ = {isa = PBXFileReference; fileEncoding = 4; lastKnownFileType = sourcecode.javascript; path = jquery.Storage.min.js; sourceTree = "<group>"; };
		54D940702090739600E63B2D /* mustache.min.js */ = {isa = PBXFileReference; fileEncoding = 4; lastKnownFileType = sourcecode.javascript; path = mustache.min.js; sourceTree = "<group>"; };
		54D940712090739600E63B2D /* peerid.js */ = {isa = PBXFileReference; fileEncoding = 4; lastKnownFileType = sourcecode.javascript; path = peerid.js; sourceTree = "<group>"; };
		54D940722090739600E63B2D /* peerid.min.js */ = {isa = PBXFileReference; fileEncoding = 4; lastKnownFileType = sourcecode.javascript; path = peerid.min.js; sourceTree = "<group>"; };
		54D940732090739600E63B2D /* yaaw.js */ = {isa = PBXFileReference; fileEncoding = 4; lastKnownFileType = sourcecode.javascript; path = yaaw.js; sourceTree = "<group>"; };
		54D940742090739600E63B2D /* offline.appcache */ = {isa = PBXFileReference; fileEncoding = 4; lastKnownFileType = text; path = offline.appcache; sourceTree = "<group>"; };
		54D940752090739600E63B2D /* README.md */ = {isa = PBXFileReference; fileEncoding = 4; lastKnownFileType = net.daringfireball.markdown; path = README.md; sourceTree = "<group>"; };
		54D940762090739600E63B2D /* usage.html */ = {isa = PBXFileReference; fileEncoding = 4; lastKnownFileType = text.html; path = usage.html; sourceTree = "<group>"; };
		54E48CAC206CCC400088B954 /* CustomOutlineRowView.h */ = {isa = PBXFileReference; lastKnownFileType = sourcecode.c.h; path = CustomOutlineRowView.h; sourceTree = "<group>"; };
		54E48CAD206CCC400088B954 /* CustomOutlineRowView.m */ = {isa = PBXFileReference; lastKnownFileType = sourcecode.c.objc; path = CustomOutlineRowView.m; sourceTree = "<group>"; };
		54E48CB8206CD2FE0088B954 /* CustomWindowVC.h */ = {isa = PBXFileReference; lastKnownFileType = sourcecode.c.h; path = CustomWindowVC.h; sourceTree = "<group>"; };
		54E48CB9206CD2FE0088B954 /* CustomWindowVC.m */ = {isa = PBXFileReference; lastKnownFileType = sourcecode.c.objc; path = CustomWindowVC.m; sourceTree = "<group>"; };
		54F984492086EC9B00C9E4D0 /* EULA.rtf */ = {isa = PBXFileReference; fileEncoding = 4; lastKnownFileType = text.rtf; path = EULA.rtf; sourceTree = "<group>"; };
		54F9844A2086EC9B00C9E4D0 /* Credits.rtf */ = {isa = PBXFileReference; fileEncoding = 4; lastKnownFileType = text.rtf; path = Credits.rtf; sourceTree = "<group>"; };
		54F9844D2086ECAE00C9E4D0 /* Localizable.strings */ = {isa = PBXFileReference; fileEncoding = 4; lastKnownFileType = text.plist.strings; path = Localizable.strings; sourceTree = "<group>"; };
		54F984512087206500C9E4D0 /* AboutWindow.xib */ = {isa = PBXFileReference; fileEncoding = 4; lastKnownFileType = file.xib; path = AboutWindow.xib; sourceTree = "<group>"; };
		54F984522087206500C9E4D0 /* AboutWindowController.h */ = {isa = PBXFileReference; fileEncoding = 4; lastKnownFileType = sourcecode.c.h; path = AboutWindowController.h; sourceTree = "<group>"; };
		54F984532087206500C9E4D0 /* AboutWindowController.m */ = {isa = PBXFileReference; fileEncoding = 4; lastKnownFileType = sourcecode.c.objc; path = AboutWindowController.m; sourceTree = "<group>"; };
		54F9845D2087366A00C9E4D0 /* Accelerate.framework */ = {isa = PBXFileReference; lastKnownFileType = wrapper.framework; name = Accelerate.framework; path = System/Library/Frameworks/Accelerate.framework; sourceTree = SDKROOT; };
		65A55BF2B930BCDDBD217304 /* Pods-BaiduDownloader.debug.xcconfig */ = {isa = PBXFileReference; includeInIndex = 1; lastKnownFileType = text.xcconfig; name = "Pods-BaiduDownloader.debug.xcconfig"; path = "Pods/Target Support Files/Pods-BaiduDownloader/Pods-BaiduDownloader.debug.xcconfig"; sourceTree = "<group>"; };
		EEC99FB40D9B14CC6C5AC013 /* Pods_BaiduDownloader.framework */ = {isa = PBXFileReference; explicitFileType = wrapper.framework; includeInIndex = 0; path = Pods_BaiduDownloader.framework; sourceTree = BUILT_PRODUCTS_DIR; };
		F67AB1C341AD46075E290D8D /* Pods-BaiduDownloader.release.xcconfig */ = {isa = PBXFileReference; includeInIndex = 1; lastKnownFileType = text.xcconfig; name = "Pods-BaiduDownloader.release.xcconfig"; path = "Pods/Target Support Files/Pods-BaiduDownloader/Pods-BaiduDownloader.release.xcconfig"; sourceTree = "<group>"; };
/* End PBXFileReference section */

/* Begin PBXFrameworksBuildPhase section */
		54461D20205F8ABC00C2835B /* Frameworks */ = {
			isa = PBXFrameworksBuildPhase;
			buildActionMask = 2147483647;
			files = (
				54F9845E2087366A00C9E4D0 /* Accelerate.framework in Frameworks */,
				54CFC67D206378B8004F0C25 /* JavaScriptCore.framework in Frameworks */,
				2201D76DCD9DD8ABF83DBF34 /* Pods_BaiduDownloader.framework in Frameworks */,
			);
			runOnlyForDeploymentPostprocessing = 0;
		};
/* End PBXFrameworksBuildPhase section */

/* Begin PBXGroup section */
		0358E7F7D167E7333E891130 /* Frameworks */ = {
			isa = PBXGroup;
			children = (
				54F9845D2087366A00C9E4D0 /* Accelerate.framework */,
				54BBF0272068097600C27FF8 /* libxml2.2.tbd */,
				54CFC67C206378B7004F0C25 /* JavaScriptCore.framework */,
				EEC99FB40D9B14CC6C5AC013 /* Pods_BaiduDownloader.framework */,
			);
			name = Frameworks;
			sourceTree = "<group>";
		};
		540CE4B5208F004900AE426D /* AMRoundWindow */ = {
			isa = PBXGroup;
			children = (
				540CE4AF208EFAC600AE426D /* AMRoundWindow.h */,
				540CE4B0208EFAC600AE426D /* AMRoundWindow.m */,
				540CE4B2208EFB0400AE426D /* AMRoundView.h */,
				540CE4B3208EFB0400AE426D /* AMRoundView.m */,
			);
			path = AMRoundWindow;
			sourceTree = "<group>";
		};
		54140225206BD45E00F8733E /* OrderedDictionary */ = {
			isa = PBXGroup;
			children = (
				54140227206BD47100F8733E /* OrderedDictionary.h */,
				54140226206BD47100F8733E /* OrderedDictionary.m */,
			);
			path = OrderedDictionary;
			sourceTree = "<group>";
		};
		541F24592074355C00A186D5 /* Debug */ = {
			isa = PBXGroup;
			children = (
				541F24562074355700A186D5 /* NSObject+DebugDescription.h */,
				541F24572074355700A186D5 /* NSObject+DebugDescription.m */,
			);
			path = Debug;
			sourceTree = "<group>";
		};
		54461D1A205F8ABC00C2835B = {
			isa = PBXGroup;
			children = (
				54461D25205F8ABC00C2835B /* BaiduDownloader */,
				54461D24205F8ABC00C2835B /* Products */,
				AA10EE730DB8ECEAA36EDA44 /* Pods */,
				0358E7F7D167E7333E891130 /* Frameworks */,
			);
			sourceTree = "<group>";
		};
		54461D24205F8ABC00C2835B /* Products */ = {
			isa = PBXGroup;
			children = (
				54461D23205F8ABC00C2835B /* BaiduDownloader.app */,
			);
			name = Products;
			sourceTree = "<group>";
		};
		54461D25205F8ABC00C2835B /* BaiduDownloader */ = {
			isa = PBXGroup;
			children = (
				54461D26205F8ABC00C2835B /* AppDelegate.h */,
				54461D27205F8ABC00C2835B /* AppDelegate.m */,
				54461D2C205F8ABC00C2835B /* Assets.xcassets */,
				5498545C2073B06800AB8942 /* PrefixHeader.pch */,
				540CE4A8208ED20700AE426D /* Config.h */,
				54461D34205F8ABC00C2835B /* BaiduDownloader.entitlements */,
				5455A9F1206C4C490030D137 /* Dependency */,
				54BBF047206815B900C27FF8 /* Images */,
				54461D31205F8ABC00C2835B /* Info.plist */,
				54461D32205F8ABC00C2835B /* main.m */,
				54F9844A2086EC9B00C9E4D0 /* Credits.rtf */,
				54F984492086EC9B00C9E4D0 /* EULA.rtf */,
				54F9844D2086ECAE00C9E4D0 /* Localizable.strings */,
				54461D2E205F8ABC00C2835B /* Main.storyboard */,
				5455A9F4206C4CE00030D137 /* Model */,
				5455A9F6206C4D070030D137 /* VIew */,
				5455A9F5206C4CE80030D137 /* ViewController */,
			);
			path = BaiduDownloader;
			sourceTree = "<group>";
		};
		5446E96E2075BE1F0080DBCC /* CustomOutlineView */ = {
			isa = PBXGroup;
			children = (
				54E48CAC206CCC400088B954 /* CustomOutlineRowView.h */,
				54E48CAD206CCC400088B954 /* CustomOutlineRowView.m */,
				54A25BA8206CF9E000D3061A /* CustomOutlineView.h */,
				54A25BA9206CF9E000D3061A /* CustomOutlineView.m */,
				5446E96B2075B8080080DBCC /* ImageAndTextCell.h */,
				5446E96C2075B8080080DBCC /* ImageAndTextCell.m */,
				540D2C3D2086050900A5ED36 /* NSOutlineView+Additions.h */,
				540D2C3E2086050900A5ED36 /* NSOutlineView+Additions.m */,
			);
			path = CustomOutlineView;
			sourceTree = "<group>";
		};
		54538B03208DAF93008A4A0D /* RegisterWindow */ = {
			isa = PBXGroup;
			children = (
				54538B09208DAFCE008A4A0D /* RegisterWindowController.h */,
				54538B0A208DAFCE008A4A0D /* RegisterWindowController.m */,
				54538B0B208DAFCE008A4A0D /* RegisterWindowController.xib */,
			);
			path = RegisterWindow;
			sourceTree = "<group>";
		};
		5455A9F1206C4C490030D137 /* Dependency */ = {
			isa = PBXGroup;
			children = (
				54D940592090739600E63B2D /* yaaw */,
				541F24592074355C00A186D5 /* Debug */,
				5498545D2073B23400AB8942 /* Unicode */,
				549854522073AE7400AB8942 /* JRSwizzle */,
				5455A9F3206C4CB60030D137 /* Util */,
				5465FAB5206A94690054F573 /* CustomUI */,
				549FFDFB206C499F001C9D2B /* Network */,
				54140225206BD45E00F8733E /* OrderedDictionary */,
			);
			path = Dependency;
			sourceTree = "<group>";
		};
		5455A9F3206C4CB60030D137 /* Util */ = {
			isa = PBXGroup;
			children = (
				54B93C5C2090CE6300907D9C /* ShellUtil.h */,
				54B93C5D2090CE6400907D9C /* ShellUtil.m */,
				54461D3A205F8B6B00C2835B /* HttpUtil.h */,
				54461D3B205F8B6B00C2835B /* HttpUtil.m */,
				549FFDFE206C499F001C9D2B /* NSString+Hash.h */,
				549FFDFC206C499F001C9D2B /* NSString+Hash.m */,
				546607422063291800370966 /* StringUtil.h */,
				546607432063291800370966 /* StringUtil.m */,
			);
			path = Util;
			sourceTree = "<group>";
		};
		5455A9F4206C4CE00030D137 /* Model */ = {
			isa = PBXGroup;
			children = (
				54BBF048206815D100C27FF8 /* SetDataModel.h */,
				54BBF049206815D100C27FF8 /* SetDataModel.m */,
			);
			path = Model;
			sourceTree = "<group>";
		};
		5455A9F5206C4CE80030D137 /* ViewController */ = {
			isa = PBXGroup;
			children = (
				54538B03208DAF93008A4A0D /* RegisterWindow */,
				54F984502087206500C9E4D0 /* AboutWindow */,
				5465FAC3206A94E00054F573 /* FileListVC.h */,
				5465FAC4206A94E00054F573 /* FileListVC.m */,
				54A25BA5206CEB8F00D3061A /* FileOutlineVC.h */,
				54A25BA6206CEB8F00D3061A /* FileOutlineVC.m */,
				54461D29205F8ABC00C2835B /* ViewController.h */,
				54461D2A205F8ABC00C2835B /* ViewController.m */,
				54E48CB8206CD2FE0088B954 /* CustomWindowVC.h */,
				54E48CB9206CD2FE0088B954 /* CustomWindowVC.m */,
			);
			path = ViewController;
			sourceTree = "<group>";
		};
		5455A9F6206C4D070030D137 /* VIew */ = {
			isa = PBXGroup;
			children = (
				540CE4B5208F004900AE426D /* AMRoundWindow */,
				5446E96E2075BE1F0080DBCC /* CustomOutlineView */,
				5467E4852064FD2900F39920 /* ClickableImageView.h */,
				5467E4862064FD2900F39920 /* ClickableImageView.m */,
				5465FAC6206A9EBE0054F573 /* ColorTitleButtonCell.h */,
				5465FAC7206A9EBE0054F573 /* ColorTitleButtonCell.m */,
				5455A9F9206C69430030D137 /* CustomTableRowView.h */,
				5455A9FA206C69430030D137 /* CustomTableRowView.m */,
				5455A9FC206C697B0030D137 /* CustomTableCellView.h */,
				5455A9FD206C697B0030D137 /* CustomTableCellView.m */,
				5498544F2073280900AB8942 /* CustomTextFieldCell.h */,
				549854502073280900AB8942 /* CustomTextFieldCell.m */,
				540CE4AC208EE72D00AE426D /* Alert.h */,
				540CE4AD208EE72D00AE426D /* Alert.m */,
			);
			path = VIew;
			sourceTree = "<group>";
		};
		5465FAB5206A94690054F573 /* CustomUI */ = {
			isa = PBXGroup;
			children = (
				5465FAB8206A94690054F573 /* Version.h */,
				5465FABD206A94690054F573 /* JMModalOverlay.h */,
				5465FABB206A94690054F573 /* JMModalOverlay.m */,
				5465FABC206A94690054F573 /* JMModalOverlay-Info.plist */,
				5465FABE206A94690054F573 /* JMOverlayView.h */,
				5465FABA206A94690054F573 /* JMOverlayView.m */,
			);
			path = CustomUI;
			sourceTree = "<group>";
		};
		549854522073AE7400AB8942 /* JRSwizzle */ = {
			isa = PBXGroup;
			children = (
				549854532073AE7D00AB8942 /* JRSwizzle.h */,
				549854542073AE7D00AB8942 /* JRSwizzle.m */,
			);
			path = JRSwizzle;
			sourceTree = "<group>";
		};
		5498545D2073B23400AB8942 /* Unicode */ = {
			isa = PBXGroup;
			children = (
				5498545E2073B23400AB8942 /* NSDictionary+Unicode.h */,
				5498545F2073B23400AB8942 /* NSDictionary+Unicode.m */,
				549854612073B4A000AB8942 /* NSArray+Unicode.h */,
				549854622073B4A000AB8942 /* NSArray+Unicode.m */,
			);
			path = Unicode;
			sourceTree = "<group>";
		};
		549FFDFB206C499F001C9D2B /* Network */ = {
			isa = PBXGroup;
			children = (
				549FFDFD206C499F001C9D2B /* InternetDownloadManager.h */,
				549FFDFF206C499F001C9D2B /* InternetDownloadManager.m */,
			);
			path = Network;
			sourceTree = "<group>";
		};
		54BBF047206815B900C27FF8 /* Images */ = {
			isa = PBXGroup;
			children = (
				540CE4C0208F15FE00AE426D /* notfoundover.png */,
				540CE4C2208F15FF00AE426D /* openinfinder.png */,
				540CE4C1208F15FE00AE426D /* openinfinder64.png */,
				540CE4B8208F156F00AE426D /* closebox_pressed.png */,
				540CE4B6208F156F00AE426D /* closebox.png */,
				540CE4BA208F156F00AE426D /* trashempty.png */,
				540CE4B9208F156F00AE426D /* trashfull.png */,
				540CE4B7208F156F00AE426D /* url.png */,
				540D2C392085FD6700A5ED36 /* close.png */,
				5465FAB3206A927D0054F573 /* background.jpg */,
				54BBF0252067799B00C27FF8 /* checkcode.png */,
				54BBF01B20676D6300C27FF8 /* download.png */,
				54BBF01920676C7100C27FF8 /* arrows.png */,
				54BBF01720674E7600C27FF8 /* convert.png */,
				54BBF01520674C5200C27FF8 /* copy_link.png */,
				54BBF01120674AB800C27FF8 /* folx.png */,
				54BBF01220674AB800C27FF8 /* thunder.png */,
			);
			path = Images;
			sourceTree = "<group>";
		};
		54D940592090739600E63B2D /* yaaw */ = {
			isa = PBXGroup;
			children = (
				54D9405B2090739600E63B2D /* archiver */,
				54D9405E2090739600E63B2D /* CNAME */,
				54D9405F2090739600E63B2D /* css */,
				54D940632090739600E63B2D /* favicon.ico */,
				54D940642090739600E63B2D /* img */,
				54D940672090739600E63B2D /* index.html */,
				54D940682090739600E63B2D /* js */,
				54D940742090739600E63B2D /* offline.appcache */,
				54D940752090739600E63B2D /* README.md */,
				54D940762090739600E63B2D /* usage.html */,
			);
			path = yaaw;
			sourceTree = "<group>";
		};
		54D9405B2090739600E63B2D /* archiver */ = {
			isa = PBXGroup;
			children = (
				54D9405C2090739600E63B2D /* aria2.conf */,
				54D9405D2090739600E63B2D /* aria2.zip */,
			);
			path = archiver;
			sourceTree = "<group>";
		};
		54D9405F2090739600E63B2D /* css */ = {
			isa = PBXGroup;
			children = (
				54D940602090739600E63B2D /* bootstrap-responsive.min.css */,
				54D940612090739600E63B2D /* bootstrap.min.css */,
				54D940622090739600E63B2D /* main.css */,
			);
			path = css;
			sourceTree = "<group>";
		};
		54D940642090739600E63B2D /* img */ = {
			isa = PBXGroup;
			children = (
				54D940652090739600E63B2D /* glyphicons-halflings-white.png */,
				54D940662090739600E63B2D /* glyphicons-halflings.png */,
			);
			path = img;
			sourceTree = "<group>";
		};
		54D940682090739600E63B2D /* js */ = {
			isa = PBXGroup;
			children = (
				54D940692090739600E63B2D /* aria2.js */,
				54D9406A2090739600E63B2D /* bootstrap.min.js */,
				54D9406B2090739600E63B2D /* jquery-1.7.2.min.js */,
				54D9406C2090739600E63B2D /* jquery.base64.min.js */,
				54D9406D2090739600E63B2D /* jquery.jsonrpc.js */,
				54D9406E2090739600E63B2D /* jquery.jsonrpc.min.js */,
				54D9406F2090739600E63B2D /* jquery.Storage.min.js */,
				54D940702090739600E63B2D /* mustache.min.js */,
				54D940712090739600E63B2D /* peerid.js */,
				54D940722090739600E63B2D /* peerid.min.js */,
				54D940732090739600E63B2D /* yaaw.js */,
			);
			path = js;
			sourceTree = "<group>";
		};
		54F984502087206500C9E4D0 /* AboutWindow */ = {
			isa = PBXGroup;
			children = (
				54F984512087206500C9E4D0 /* AboutWindow.xib */,
				54F984522087206500C9E4D0 /* AboutWindowController.h */,
				54F984532087206500C9E4D0 /* AboutWindowController.m */,
			);
			path = AboutWindow;
			sourceTree = "<group>";
		};
		AA10EE730DB8ECEAA36EDA44 /* Pods */ = {
			isa = PBXGroup;
			children = (
				65A55BF2B930BCDDBD217304 /* Pods-BaiduDownloader.debug.xcconfig */,
				F67AB1C341AD46075E290D8D /* Pods-BaiduDownloader.release.xcconfig */,
			);
			name = Pods;
			sourceTree = "<group>";
		};
/* End PBXGroup section */

/* Begin PBXNativeTarget section */
		54461D22205F8ABC00C2835B /* BaiduDownloader */ = {
			isa = PBXNativeTarget;
			buildConfigurationList = 54461D37205F8ABC00C2835B /* Build configuration list for PBXNativeTarget "BaiduDownloader" */;
			buildPhases = (
				D298966DEFF3D67A563DBCB9 /* [CP] Check Pods Manifest.lock */,
				54461D1F205F8ABC00C2835B /* Sources */,
				54461D20205F8ABC00C2835B /* Frameworks */,
				54461D21205F8ABC00C2835B /* Resources */,
				A5DA121F8EA0CCFA6D7F0CE5 /* [CP] Embed Pods Frameworks */,
				D9D4393D49F651DD02050D10 /* [CP] Copy Pods Resources */,
			);
			buildRules = (
			);
			dependencies = (
			);
			name = BaiduDownloader;
			productName = BaiduDownloader;
			productReference = 54461D23205F8ABC00C2835B /* BaiduDownloader.app */;
			productType = "com.apple.product-type.application";
		};
/* End PBXNativeTarget section */

/* Begin PBXProject section */
		54461D1B205F8ABC00C2835B /* Project object */ = {
			isa = PBXProject;
			attributes = {
				LastUpgradeCheck = 0930;
				ORGANIZATIONNAME = "Godlike Studio";
				TargetAttributes = {
					54461D22205F8ABC00C2835B = {
						CreatedOnToolsVersion = 9.2;
						ProvisioningStyle = Automatic;
						SystemCapabilities = {
							com.apple.Sandbox = {
								enabled = 1;
							};
						};
					};
				};
			};
			buildConfigurationList = 54461D1E205F8ABC00C2835B /* Build configuration list for PBXProject "BaiduDownloader" */;
			compatibilityVersion = "Xcode 8.0";
			developmentRegion = en;
			hasScannedForEncodings = 0;
			knownRegions = (
				en,
				Base,
			);
			mainGroup = 54461D1A205F8ABC00C2835B;
			productRefGroup = 54461D24205F8ABC00C2835B /* Products */;
			projectDirPath = "";
			projectRoot = "";
			targets = (
				54461D22205F8ABC00C2835B /* BaiduDownloader */,
			);
		};
/* End PBXProject section */

/* Begin PBXResourcesBuildPhase section */
		54461D21205F8ABC00C2835B /* Resources */ = {
			isa = PBXResourcesBuildPhase;
			buildActionMask = 2147483647;
			files = (
				54D940782090739600E63B2D /* aria2.conf in Resources */,
				540CE4C5208F15FF00AE426D /* openinfinder.png in Resources */,
				54BBF01320674AB800C27FF8 /* folx.png in Resources */,
				54BBF01420674AB800C27FF8 /* thunder.png in Resources */,
				54D940882090739600E63B2D /* jquery.Storage.min.js in Resources */,
				54D9408A2090739600E63B2D /* peerid.js in Resources */,
				54D9407D2090739600E63B2D /* main.css in Resources */,
				54D940892090739600E63B2D /* mustache.min.js in Resources */,
				540CE4BC208F157000AE426D /* url.png in Resources */,
				54D940792090739600E63B2D /* aria2.zip in Resources */,
				54461D2D205F8ABC00C2835B /* Assets.xcassets in Resources */,
				54BBF01A20676C7100C27FF8 /* arrows.png in Resources */,
				540CE4C3208F15FF00AE426D /* notfoundover.png in Resources */,
				54F984542087206500C9E4D0 /* AboutWindow.xib in Resources */,
				54F9844B2086EC9B00C9E4D0 /* EULA.rtf in Resources */,
				54D940852090739600E63B2D /* jquery.base64.min.js in Resources */,
				540CE4C4208F15FF00AE426D /* openinfinder64.png in Resources */,
				54D9408E2090739600E63B2D /* README.md in Resources */,
				540CE4BB208F157000AE426D /* closebox.png in Resources */,
				54BBF0262067799C00C27FF8 /* checkcode.png in Resources */,
				54BBF01C20676D6300C27FF8 /* download.png in Resources */,
				54D940802090739600E63B2D /* glyphicons-halflings.png in Resources */,
				54F9844E2086ECAF00C9E4D0 /* Localizable.strings in Resources */,
				54D940872090739600E63B2D /* jquery.jsonrpc.min.js in Resources */,
				54BBF01620674C5200C27FF8 /* copy_link.png in Resources */,
				54D940832090739600E63B2D /* bootstrap.min.js in Resources */,
				54F9844C2086EC9B00C9E4D0 /* Credits.rtf in Resources */,
				54BBF01820674E7600C27FF8 /* convert.png in Resources */,
				54D9408B2090739600E63B2D /* peerid.min.js in Resources */,
				54D940812090739600E63B2D /* index.html in Resources */,
				54D9407A2090739600E63B2D /* CNAME in Resources */,
				54D9407C2090739600E63B2D /* bootstrap.min.css in Resources */,
				540CE4BD208F157000AE426D /* closebox_pressed.png in Resources */,
				540CE4BE208F157000AE426D /* trashfull.png in Resources */,
				540D2C3A2085FD6700A5ED36 /* close.png in Resources */,
				54D940842090739600E63B2D /* jquery-1.7.2.min.js in Resources */,
				54D9408C2090739600E63B2D /* yaaw.js in Resources */,
				540CE4BF208F157000AE426D /* trashempty.png in Resources */,
				5465FAB4206A927D0054F573 /* background.jpg in Resources */,
				54D9408D2090739600E63B2D /* offline.appcache in Resources */,
				54D9408F2090739600E63B2D /* usage.html in Resources */,
				5465FAC2206A94690054F573 /* JMModalOverlay-Info.plist in Resources */,
				54538B0D208DAFCE008A4A0D /* RegisterWindowController.xib in Resources */,
				54D9407E2090739600E63B2D /* favicon.ico in Resources */,
				54D9407F2090739600E63B2D /* glyphicons-halflings-white.png in Resources */,
				54D940822090739600E63B2D /* aria2.js in Resources */,
				54D940862090739600E63B2D /* jquery.jsonrpc.js in Resources */,
				54D9407B2090739600E63B2D /* bootstrap-responsive.min.css in Resources */,
				54461D30205F8ABC00C2835B /* Main.storyboard in Resources */,
			);
			runOnlyForDeploymentPostprocessing = 0;
		};
/* End PBXResourcesBuildPhase section */

/* Begin PBXShellScriptBuildPhase section */
		A5DA121F8EA0CCFA6D7F0CE5 /* [CP] Embed Pods Frameworks */ = {
			isa = PBXShellScriptBuildPhase;
			buildActionMask = 2147483647;
			files = (
			);
			inputPaths = (
				"${SRCROOT}/Pods/Target Support Files/Pods-BaiduDownloader/Pods-BaiduDownloader-frameworks.sh",
				"${BUILT_PRODUCTS_DIR}/AFNetworking/AFNetworking.framework",
				"${BUILT_PRODUCTS_DIR}/OMGHTTPURLRQ/OMGHTTPURLRQ.framework",
				"${BUILT_PRODUCTS_DIR}/Ono/Ono.framework",
				"${BUILT_PRODUCTS_DIR}/PromiseKit/PromiseKit.framework",
				"${BUILT_PRODUCTS_DIR}/SDWebImage/SDWebImage.framework",
				"${BUILT_PRODUCTS_DIR}/YYModel/YYModel.framework",
			);
			name = "[CP] Embed Pods Frameworks";
			outputPaths = (
				"${TARGET_BUILD_DIR}/${FRAMEWORKS_FOLDER_PATH}/AFNetworking.framework",
				"${TARGET_BUILD_DIR}/${FRAMEWORKS_FOLDER_PATH}/OMGHTTPURLRQ.framework",
				"${TARGET_BUILD_DIR}/${FRAMEWORKS_FOLDER_PATH}/Ono.framework",
				"${TARGET_BUILD_DIR}/${FRAMEWORKS_FOLDER_PATH}/PromiseKit.framework",
				"${TARGET_BUILD_DIR}/${FRAMEWORKS_FOLDER_PATH}/SDWebImage.framework",
				"${TARGET_BUILD_DIR}/${FRAMEWORKS_FOLDER_PATH}/YYModel.framework",
			);
			runOnlyForDeploymentPostprocessing = 0;
			shellPath = /bin/sh;
			shellScript = "\"${SRCROOT}/Pods/Target Support Files/Pods-BaiduDownloader/Pods-BaiduDownloader-frameworks.sh\"\n";
			showEnvVarsInLog = 0;
		};
		D298966DEFF3D67A563DBCB9 /* [CP] Check Pods Manifest.lock */ = {
			isa = PBXShellScriptBuildPhase;
			buildActionMask = 2147483647;
			files = (
			);
			inputPaths = (
				"${PODS_PODFILE_DIR_PATH}/Podfile.lock",
				"${PODS_ROOT}/Manifest.lock",
			);
			name = "[CP] Check Pods Manifest.lock";
			outputPaths = (
				"$(DERIVED_FILE_DIR)/Pods-BaiduDownloader-checkManifestLockResult.txt",
			);
			runOnlyForDeploymentPostprocessing = 0;
			shellPath = /bin/sh;
			shellScript = "diff \"${PODS_PODFILE_DIR_PATH}/Podfile.lock\" \"${PODS_ROOT}/Manifest.lock\" > /dev/null\nif [ $? != 0 ] ; then\n    # print error to STDERR\n    echo \"error: The sandbox is not in sync with the Podfile.lock. Run 'pod install' or update your CocoaPods installation.\" >&2\n    exit 1\nfi\n# This output is used by Xcode 'outputs' to avoid re-running this script phase.\necho \"SUCCESS\" > \"${SCRIPT_OUTPUT_FILE_0}\"\n";
			showEnvVarsInLog = 0;
		};
		D9D4393D49F651DD02050D10 /* [CP] Copy Pods Resources */ = {
			isa = PBXShellScriptBuildPhase;
			buildActionMask = 2147483647;
			files = (
			);
			inputPaths = (
			);
			name = "[CP] Copy Pods Resources";
			outputPaths = (
			);
			runOnlyForDeploymentPostprocessing = 0;
			shellPath = /bin/sh;
			shellScript = "\"${SRCROOT}/Pods/Target Support Files/Pods-BaiduDownloader/Pods-BaiduDownloader-resources.sh\"\n";
			showEnvVarsInLog = 0;
		};
/* End PBXShellScriptBuildPhase section */

/* Begin PBXSourcesBuildPhase section */
		54461D1F205F8ABC00C2835B /* Sources */ = {
			isa = PBXSourcesBuildPhase;
			buildActionMask = 2147483647;
			files = (
				546607442063291800370966 /* StringUtil.m in Sources */,
				54F984552087206500C9E4D0 /* AboutWindowController.m in Sources */,
				54E48CBA206CD2FE0088B954 /* CustomWindowVC.m in Sources */,
				54461D2B205F8ABC00C2835B /* ViewController.m in Sources */,
				54E48CAE206CCC400088B954 /* CustomOutlineRowView.m in Sources */,
				54BBF04A206815D100C27FF8 /* SetDataModel.m in Sources */,
				540D2C3F2086050900A5ED36 /* NSOutlineView+Additions.m in Sources */,
				549FFE01206C499F001C9D2B /* InternetDownloadManager.m in Sources */,
				5446E96D2075B8080080DBCC /* ImageAndTextCell.m in Sources */,
				54B93C5E2090CE6400907D9C /* ShellUtil.m in Sources */,
				54461D33205F8ABC00C2835B /* main.m in Sources */,
				54A25BAA206CF9E000D3061A /* CustomOutlineView.m in Sources */,
				5465FAC1206A94690054F573 /* JMModalOverlay.m in Sources */,
				54461D28205F8ABC00C2835B /* AppDelegate.m in Sources */,
				54538B0C208DAFCE008A4A0D /* RegisterWindowController.m in Sources */,
				5465FAC8206A9EBE0054F573 /* ColorTitleButtonCell.m in Sources */,
				541F24582074355700A186D5 /* NSObject+DebugDescription.m in Sources */,
				549FFE00206C499F001C9D2B /* NSString+Hash.m in Sources */,
				54461D3C205F8B6B00C2835B /* HttpUtil.m in Sources */,
				5455A9FB206C69430030D137 /* CustomTableRowView.m in Sources */,
				540CE4AE208EE72D00AE426D /* Alert.m in Sources */,
				54A25BA7206CEB8F00D3061A /* FileOutlineVC.m in Sources */,
				5465FAC0206A94690054F573 /* JMOverlayView.m in Sources */,
				54140228206BD47100F8733E /* OrderedDictionary.m in Sources */,
				5465FAC5206A94E00054F573 /* FileListVC.m in Sources */,
				540CE4B1208EFAC600AE426D /* AMRoundWindow.m in Sources */,
				5455A9FE206C697B0030D137 /* CustomTableCellView.m in Sources */,
				540CE4B4208EFB0400AE426D /* AMRoundView.m in Sources */,
				549854512073280900AB8942 /* CustomTextFieldCell.m in Sources */,
				549854552073AE7D00AB8942 /* JRSwizzle.m in Sources */,
				5467E4872064FD2900F39920 /* ClickableImageView.m in Sources */,
				549854632073B4A000AB8942 /* NSArray+Unicode.m in Sources */,
				549854602073B23500AB8942 /* NSDictionary+Unicode.m in Sources */,
			);
			runOnlyForDeploymentPostprocessing = 0;
		};
/* End PBXSourcesBuildPhase section */

/* Begin PBXVariantGroup section */
		54461D2E205F8ABC00C2835B /* Main.storyboard */ = {
			isa = PBXVariantGroup;
			children = (
				54461D2F205F8ABC00C2835B /* Base */,
			);
			name = Main.storyboard;
			sourceTree = "<group>";
		};
/* End PBXVariantGroup section */

/* Begin XCBuildConfiguration section */
		54461D35205F8ABC00C2835B /* Debug */ = {
			isa = XCBuildConfiguration;
			buildSettings = {
				ALWAYS_SEARCH_USER_PATHS = NO;
				CLANG_ANALYZER_NONNULL = YES;
				CLANG_ANALYZER_NUMBER_OBJECT_CONVERSION = YES_AGGRESSIVE;
				CLANG_CXX_LANGUAGE_STANDARD = "gnu++14";
				CLANG_CXX_LIBRARY = "libc++";
				CLANG_ENABLE_MODULES = YES;
				CLANG_ENABLE_OBJC_ARC = YES;
				CLANG_WARN_BLOCK_CAPTURE_AUTORELEASING = YES;
				CLANG_WARN_BOOL_CONVERSION = YES;
				CLANG_WARN_COMMA = YES;
				CLANG_WARN_CONSTANT_CONVERSION = YES;
				CLANG_WARN_DEPRECATED_OBJC_IMPLEMENTATIONS = YES;
				CLANG_WARN_DIRECT_OBJC_ISA_USAGE = YES_ERROR;
				CLANG_WARN_DOCUMENTATION_COMMENTS = YES;
				CLANG_WARN_EMPTY_BODY = YES;
				CLANG_WARN_ENUM_CONVERSION = YES;
				CLANG_WARN_INFINITE_RECURSION = YES;
				CLANG_WARN_INT_CONVERSION = YES;
				CLANG_WARN_NON_LITERAL_NULL_CONVERSION = YES;
				CLANG_WARN_OBJC_IMPLICIT_RETAIN_SELF = YES;
				CLANG_WARN_OBJC_LITERAL_CONVERSION = YES;
				CLANG_WARN_OBJC_ROOT_CLASS = YES_ERROR;
				CLANG_WARN_RANGE_LOOP_ANALYSIS = YES;
				CLANG_WARN_STRICT_PROTOTYPES = YES;
				CLANG_WARN_SUSPICIOUS_MOVE = YES;
				CLANG_WARN_UNGUARDED_AVAILABILITY = YES_AGGRESSIVE;
				CLANG_WARN_UNREACHABLE_CODE = YES;
				CLANG_WARN__DUPLICATE_METHOD_MATCH = YES;
				CODE_SIGN_IDENTITY = "Mac Developer";
				COPY_PHASE_STRIP = NO;
				DEBUG_INFORMATION_FORMAT = dwarf;
				ENABLE_STRICT_OBJC_MSGSEND = YES;
				ENABLE_TESTABILITY = YES;
				GCC_C_LANGUAGE_STANDARD = gnu11;
				GCC_DYNAMIC_NO_PIC = NO;
				GCC_NO_COMMON_BLOCKS = YES;
				GCC_OPTIMIZATION_LEVEL = 0;
				GCC_PREPROCESSOR_DEFINITIONS = (
					"DEBUG=1",
					"$(inherited)",
				);
				GCC_WARN_64_TO_32_BIT_CONVERSION = YES;
				GCC_WARN_ABOUT_RETURN_TYPE = YES_ERROR;
				GCC_WARN_UNDECLARED_SELECTOR = YES;
				GCC_WARN_UNINITIALIZED_AUTOS = YES_AGGRESSIVE;
				GCC_WARN_UNUSED_FUNCTION = YES;
				GCC_WARN_UNUSED_VARIABLE = YES;
				MACOSX_DEPLOYMENT_TARGET = 10.12;
				MTL_ENABLE_DEBUG_INFO = YES;
				ONLY_ACTIVE_ARCH = YES;
				SDKROOT = macosx;
			};
			name = Debug;
		};
		54461D36205F8ABC00C2835B /* Release */ = {
			isa = XCBuildConfiguration;
			buildSettings = {
				ALWAYS_SEARCH_USER_PATHS = NO;
				CLANG_ANALYZER_NONNULL = YES;
				CLANG_ANALYZER_NUMBER_OBJECT_CONVERSION = YES_AGGRESSIVE;
				CLANG_CXX_LANGUAGE_STANDARD = "gnu++14";
				CLANG_CXX_LIBRARY = "libc++";
				CLANG_ENABLE_MODULES = YES;
				CLANG_ENABLE_OBJC_ARC = YES;
				CLANG_WARN_BLOCK_CAPTURE_AUTORELEASING = YES;
				CLANG_WARN_BOOL_CONVERSION = YES;
				CLANG_WARN_COMMA = YES;
				CLANG_WARN_CONSTANT_CONVERSION = YES;
				CLANG_WARN_DEPRECATED_OBJC_IMPLEMENTATIONS = YES;
				CLANG_WARN_DIRECT_OBJC_ISA_USAGE = YES_ERROR;
				CLANG_WARN_DOCUMENTATION_COMMENTS = YES;
				CLANG_WARN_EMPTY_BODY = YES;
				CLANG_WARN_ENUM_CONVERSION = YES;
				CLANG_WARN_INFINITE_RECURSION = YES;
				CLANG_WARN_INT_CONVERSION = YES;
				CLANG_WARN_NON_LITERAL_NULL_CONVERSION = YES;
				CLANG_WARN_OBJC_IMPLICIT_RETAIN_SELF = YES;
				CLANG_WARN_OBJC_LITERAL_CONVERSION = YES;
				CLANG_WARN_OBJC_ROOT_CLASS = YES_ERROR;
				CLANG_WARN_RANGE_LOOP_ANALYSIS = YES;
				CLANG_WARN_STRICT_PROTOTYPES = YES;
				CLANG_WARN_SUSPICIOUS_MOVE = YES;
				CLANG_WARN_UNGUARDED_AVAILABILITY = YES_AGGRESSIVE;
				CLANG_WARN_UNREACHABLE_CODE = YES;
				CLANG_WARN__DUPLICATE_METHOD_MATCH = YES;
				CODE_SIGN_IDENTITY = "Mac Developer";
				COPY_PHASE_STRIP = NO;
				DEBUG_INFORMATION_FORMAT = "dwarf-with-dsym";
				ENABLE_NS_ASSERTIONS = NO;
				ENABLE_STRICT_OBJC_MSGSEND = YES;
				GCC_C_LANGUAGE_STANDARD = gnu11;
				GCC_NO_COMMON_BLOCKS = YES;
				GCC_WARN_64_TO_32_BIT_CONVERSION = YES;
				GCC_WARN_ABOUT_RETURN_TYPE = YES_ERROR;
				GCC_WARN_UNDECLARED_SELECTOR = YES;
				GCC_WARN_UNINITIALIZED_AUTOS = YES_AGGRESSIVE;
				GCC_WARN_UNUSED_FUNCTION = YES;
				GCC_WARN_UNUSED_VARIABLE = YES;
				MACOSX_DEPLOYMENT_TARGET = 10.12;
				MTL_ENABLE_DEBUG_INFO = NO;
				SDKROOT = macosx;
			};
			name = Release;
		};
		54461D38205F8ABC00C2835B /* Debug */ = {
			isa = XCBuildConfiguration;
			baseConfigurationReference = 65A55BF2B930BCDDBD217304 /* Pods-BaiduDownloader.debug.xcconfig */;
			buildSettings = {
				ASSETCATALOG_COMPILER_APPICON_NAME = AppIcon;
				CODE_SIGN_ENTITLEMENTS = BaiduDownloader/BaiduDownloader.entitlements;
				CODE_SIGN_STYLE = Automatic;
				COMBINE_HIDPI_IMAGES = YES;
				DEVELOPMENT_TEAM = LQW337MH2W;
				FRAMEWORK_SEARCH_PATHS = (
					"$(inherited)",
					"$(PROJECT_DIR)/BaiduDownloader/Dependency/Frameworks",
				);
				GCC_PRECOMPILE_PREFIX_HEADER = YES;
				GCC_PREFIX_HEADER = "$(SRCROOT)/$(TARGET_NAME)/PrefixHeader.pch";
				HEADER_SEARCH_PATHS = (
					"$(inherited)",
					"\"${PODS_ROOT}/Headers/Public\"",
					"\"${PODS_ROOT}/Headers/Public/AFNetworking\"",
					"\"${PODS_ROOT}/Headers/Public/YYModel\"",
				);
				INFOPLIST_FILE = BaiduDownloader/Info.plist;
				LD_RUNPATH_SEARCH_PATHS = "$(inherited) @executable_path/../Frameworks";
				PRODUCT_BUNDLE_IDENTIFIER = com.godlike.BaiduDownloader;
				PRODUCT_NAME = "$(TARGET_NAME)";
			};
			name = Debug;
		};
		54461D39205F8ABC00C2835B /* Release */ = {
			isa = XCBuildConfiguration;
			baseConfigurationReference = F67AB1C341AD46075E290D8D /* Pods-BaiduDownloader.release.xcconfig */;
			buildSettings = {
				ASSETCATALOG_COMPILER_APPICON_NAME = AppIcon;
				CODE_SIGN_ENTITLEMENTS = BaiduDownloader/BaiduDownloader.entitlements;
				CODE_SIGN_STYLE = Automatic;
				COMBINE_HIDPI_IMAGES = YES;
				DEVELOPMENT_TEAM = LQW337MH2W;
				FRAMEWORK_SEARCH_PATHS = (
					"$(inherited)",
					"$(PROJECT_DIR)/BaiduDownloader/Dependency/Frameworks",
				);
				GCC_PRECOMPILE_PREFIX_HEADER = YES;
				GCC_PREFIX_HEADER = "$(SRCROOT)/$(TARGET_NAME)/PrefixHeader.pch";
				HEADER_SEARCH_PATHS = (
					"$(inherited)",
					"\"${PODS_ROOT}/Headers/Public\"",
					"\"${PODS_ROOT}/Headers/Public/AFNetworking\"",
					"\"${PODS_ROOT}/Headers/Public/YYModel\"",
				);
				INFOPLIST_FILE = BaiduDownloader/Info.plist;
				LD_RUNPATH_SEARCH_PATHS = "$(inherited) @executable_path/../Frameworks";
				PRODUCT_BUNDLE_IDENTIFIER = com.godlike.BaiduDownloader;
				PRODUCT_NAME = "$(TARGET_NAME)";
			};
			name = Release;
		};
/* End XCBuildConfiguration section */

/* Begin XCConfigurationList section */
		54461D1E205F8ABC00C2835B /* Build configuration list for PBXProject "BaiduDownloader" */ = {
			isa = XCConfigurationList;
			buildConfigurations = (
				54461D35205F8ABC00C2835B /* Debug */,
				54461D36205F8ABC00C2835B /* Release */,
			);
			defaultConfigurationIsVisible = 0;
			defaultConfigurationName = Release;
		};
		54461D37205F8ABC00C2835B /* Build configuration list for PBXNativeTarget "BaiduDownloader" */ = {
			isa = XCConfigurationList;
			buildConfigurations = (
				54461D38205F8ABC00C2835B /* Debug */,
				54461D39205F8ABC00C2835B /* Release */,
			);
			defaultConfigurationIsVisible = 0;
			defaultConfigurationName = Release;
		};
/* End XCConfigurationList section */
	};
	rootObject = 54461D1B205F8ABC00C2835B /* Project object */;
}
