// !$*UTF8*$!
{
	archiveVersion = 1;
	classes = {
	};
	objectVersion = 48;
	objects = {

/* Begin PBXBuildFile section */
		2201D76DCD9DD8ABF83DBF34 /* Pods_BaiduDownloader.framework in Frameworks */ = {isa = PBXBuildFile; fileRef = EEC99FB40D9B14CC6C5AC013 /* Pods_BaiduDownloader.framework */; };
		54140228206BD47100F8733E /* OrderedDictionary.m in Sources */ = {isa = PBXBuildFile; fileRef = 54140226206BD47100F8733E /* OrderedDictionary.m */; };
		541F24582074355700A186D5 /* NSObject+DebugDescription.m in Sources */ = {isa = PBXBuildFile; fileRef = 541F24572074355700A186D5 /* NSObject+DebugDescription.m */; };
		54461D28205F8ABC00C2835B /* AppDelegate.m in Sources */ = {isa = PBXBuildFile; fileRef = 54461D27205F8ABC00C2835B /* AppDelegate.m */; };
		54461D2B205F8ABC00C2835B /* ViewController.m in Sources */ = {isa = PBXBuildFile; fileRef = 54461D2A205F8ABC00C2835B /* ViewController.m */; };
		54461D2D205F8ABC00C2835B /* Assets.xcassets in Resources */ = {isa = PBXBuildFile; fileRef = 54461D2C205F8ABC00C2835B /* Assets.xcassets */; };
		54461D30205F8ABC00C2835B /* Main.storyboard in Resources */ = {isa = PBXBuildFile; fileRef = 54461D2E205F8ABC00C2835B /* Main.storyboard */; };
		54461D33205F8ABC00C2835B /* main.m in Sources */ = {isa = PBXBuildFile; fileRef = 54461D32205F8ABC00C2835B /* main.m */; };
		54461D3C205F8B6B00C2835B /* HttpUtil.m in Sources */ = {isa = PBXBuildFile; fileRef = 54461D3B205F8B6B00C2835B /* HttpUtil.m */; };
		5446E96D2075B8080080DBCC /* ImageAndTextCell.m in Sources */ = {isa = PBXBuildFile; fileRef = 5446E96C2075B8080080DBCC /* ImageAndTextCell.m */; };
		5446E9712075C3710080DBCC /* FileOutlineDataSource.m in Sources */ = {isa = PBXBuildFile; fileRef = 5446E9702075C3710080DBCC /* FileOutlineDataSource.m */; };
		5455A9F8206C53940030D137 /* close.png in Resources */ = {isa = PBXBuildFile; fileRef = 5455A9F7206C53940030D137 /* close.png */; };
		5455A9FB206C69430030D137 /* CustomTableRowView.m in Sources */ = {isa = PBXBuildFile; fileRef = 5455A9FA206C69430030D137 /* CustomTableRowView.m */; };
		5455A9FE206C697B0030D137 /* CustomTableCellView.m in Sources */ = {isa = PBXBuildFile; fileRef = 5455A9FD206C697B0030D137 /* CustomTableCellView.m */; };
		5465FAB4206A927D0054F573 /* background.jpg in Resources */ = {isa = PBXBuildFile; fileRef = 5465FAB3206A927D0054F573 /* background.jpg */; };
		5465FAC0206A94690054F573 /* JMOverlayView.m in Sources */ = {isa = PBXBuildFile; fileRef = 5465FABA206A94690054F573 /* JMOverlayView.m */; };
		5465FAC1206A94690054F573 /* JMModalOverlay.m in Sources */ = {isa = PBXBuildFile; fileRef = 5465FABB206A94690054F573 /* JMModalOverlay.m */; };
		5465FAC2206A94690054F573 /* JMModalOverlay-Info.plist in Resources */ = {isa = PBXBuildFile; fileRef = 5465FABC206A94690054F573 /* JMModalOverlay-Info.plist */; };
		5465FAC5206A94E00054F573 /* FileListVC.m in Sources */ = {isa = PBXBuildFile; fileRef = 5465FAC4206A94E00054F573 /* FileListVC.m */; };
		5465FAC8206A9EBE0054F573 /* ColorTitleButtonCell.m in Sources */ = {isa = PBXBuildFile; fileRef = 5465FAC7206A9EBE0054F573 /* ColorTitleButtonCell.m */; };
		546607442063291800370966 /* StringUtil.m in Sources */ = {isa = PBXBuildFile; fileRef = 546607432063291800370966 /* StringUtil.m */; };
		5467E4872064FD2900F39920 /* ClickableImageView.m in Sources */ = {isa = PBXBuildFile; fileRef = 5467E4862064FD2900F39920 /* ClickableImageView.m */; };
		549854512073280900AB8942 /* CustomTextFieldCell.m in Sources */ = {isa = PBXBuildFile; fileRef = 549854502073280900AB8942 /* CustomTextFieldCell.m */; };
		549854552073AE7D00AB8942 /* JRSwizzle.m in Sources */ = {isa = PBXBuildFile; fileRef = 549854542073AE7D00AB8942 /* JRSwizzle.m */; };
		549854602073B23500AB8942 /* NSDictionary+Unicode.m in Sources */ = {isa = PBXBuildFile; fileRef = 5498545F2073B23400AB8942 /* NSDictionary+Unicode.m */; };
		549854632073B4A000AB8942 /* NSArray+Unicode.m in Sources */ = {isa = PBXBuildFile; fileRef = 549854622073B4A000AB8942 /* NSArray+Unicode.m */; };
		549FFE00206C499F001C9D2B /* NSString+Hash.m in Sources */ = {isa = PBXBuildFile; fileRef = 549FFDFC206C499F001C9D2B /* NSString+Hash.m */; };
		549FFE01206C499F001C9D2B /* DownLoadManager.m in Sources */ = {isa = PBXBuildFile; fileRef = 549FFDFF206C499F001C9D2B /* DownLoadManager.m */; };
		54A25BA7206CEB8F00D3061A /* FileOutlineVC.m in Sources */ = {isa = PBXBuildFile; fileRef = 54A25BA6206CEB8F00D3061A /* FileOutlineVC.m */; };
		54A25BAA206CF9E000D3061A /* CustomOutlineView.m in Sources */ = {isa = PBXBuildFile; fileRef = 54A25BA9206CF9E000D3061A /* CustomOutlineView.m */; };
		54BBF01320674AB800C27FF8 /* folx.png in Resources */ = {isa = PBXBuildFile; fileRef = 54BBF01120674AB800C27FF8 /* folx.png */; };
		54BBF01420674AB800C27FF8 /* thunder.png in Resources */ = {isa = PBXBuildFile; fileRef = 54BBF01220674AB800C27FF8 /* thunder.png */; };
		54BBF01620674C5200C27FF8 /* copy_link.png in Resources */ = {isa = PBXBuildFile; fileRef = 54BBF01520674C5200C27FF8 /* copy_link.png */; };
		54BBF01820674E7600C27FF8 /* convert.png in Resources */ = {isa = PBXBuildFile; fileRef = 54BBF01720674E7600C27FF8 /* convert.png */; };
		54BBF01A20676C7100C27FF8 /* arrows.png in Resources */ = {isa = PBXBuildFile; fileRef = 54BBF01920676C7100C27FF8 /* arrows.png */; };
		54BBF01C20676D6300C27FF8 /* download.png in Resources */ = {isa = PBXBuildFile; fileRef = 54BBF01B20676D6300C27FF8 /* download.png */; };
		54BBF0262067799C00C27FF8 /* checkcode.png in Resources */ = {isa = PBXBuildFile; fileRef = 54BBF0252067799B00C27FF8 /* checkcode.png */; };
		54BBF04A206815D100C27FF8 /* SetDataModel.m in Sources */ = {isa = PBXBuildFile; fileRef = 54BBF049206815D100C27FF8 /* SetDataModel.m */; };
		54CFC67D206378B8004F0C25 /* JavaScriptCore.framework in Frameworks */ = {isa = PBXBuildFile; fileRef = 54CFC67C206378B7004F0C25 /* JavaScriptCore.framework */; };
		54E48CAE206CCC400088B954 /* CustomOutlineRowView.m in Sources */ = {isa = PBXBuildFile; fileRef = 54E48CAD206CCC400088B954 /* CustomOutlineRowView.m */; };
		54E48CBA206CD2FE0088B954 /* CustomWindowVC.m in Sources */ = {isa = PBXBuildFile; fileRef = 54E48CB9206CD2FE0088B954 /* CustomWindowVC.m */; };
/* End PBXBuildFile section */

/* Begin PBXFileReference section */
		54140226206BD47100F8733E /* OrderedDictionary.m */ = {isa = PBXFileReference; fileEncoding = 4; lastKnownFileType = sourcecode.c.objc; path = OrderedDictionary.m; sourceTree = "<group>"; };
		54140227206BD47100F8733E /* OrderedDictionary.h */ = {isa = PBXFileReference; fileEncoding = 4; lastKnownFileType = sourcecode.c.h; path = OrderedDictionary.h; sourceTree = "<group>"; };
		541F24562074355700A186D5 /* NSObject+DebugDescription.h */ = {isa = PBXFileReference; lastKnownFileType = sourcecode.c.h; path = "NSObject+DebugDescription.h"; sourceTree = "<group>"; };
		541F24572074355700A186D5 /* NSObject+DebugDescription.m */ = {isa = PBXFileReference; lastKnownFileType = sourcecode.c.objc; path = "NSObject+DebugDescription.m"; sourceTree = "<group>"; };
		54461D23205F8ABC00C2835B /* BaiduDownloader.app */ = {isa = PBXFileReference; explicitFileType = wrapper.application; includeInIndex = 0; path = BaiduDownloader.app; sourceTree = BUILT_PRODUCTS_DIR; };
		54461D26205F8ABC00C2835B /* AppDelegate.h */ = {isa = PBXFileReference; lastKnownFileType = sourcecode.c.h; path = AppDelegate.h; sourceTree = "<group>"; };
		54461D27205F8ABC00C2835B /* AppDelegate.m */ = {isa = PBXFileReference; lastKnownFileType = sourcecode.c.objc; path = AppDelegate.m; sourceTree = "<group>"; };
		54461D29205F8ABC00C2835B /* ViewController.h */ = {isa = PBXFileReference; lastKnownFileType = sourcecode.c.h; path = ViewController.h; sourceTree = "<group>"; };
		54461D2A205F8ABC00C2835B /* ViewController.m */ = {isa = PBXFileReference; lastKnownFileType = sourcecode.c.objc; path = ViewController.m; sourceTree = "<group>"; };
		54461D2C205F8ABC00C2835B /* Assets.xcassets */ = {isa = PBXFileReference; lastKnownFileType = folder.assetcatalog; path = Assets.xcassets; sourceTree = "<group>"; };
		54461D2F205F8ABC00C2835B /* Base */ = {isa = PBXFileReference; lastKnownFileType = file.storyboard; name = Base; path = Base.lproj/Main.storyboard; sourceTree = "<group>"; };
		54461D31205F8ABC00C2835B /* Info.plist */ = {isa = PBXFileReference; lastKnownFileType = text.plist.xml; path = Info.plist; sourceTree = "<group>"; };
		54461D32205F8ABC00C2835B /* main.m */ = {isa = PBXFileReference; lastKnownFileType = sourcecode.c.objc; path = main.m; sourceTree = "<group>"; };
		54461D34205F8ABC00C2835B /* BaiduDownloader.entitlements */ = {isa = PBXFileReference; lastKnownFileType = text.plist.entitlements; path = BaiduDownloader.entitlements; sourceTree = "<group>"; };
		54461D3A205F8B6B00C2835B /* HttpUtil.h */ = {isa = PBXFileReference; lastKnownFileType = sourcecode.c.h; path = HttpUtil.h; sourceTree = "<group>"; };
		54461D3B205F8B6B00C2835B /* HttpUtil.m */ = {isa = PBXFileReference; lastKnownFileType = sourcecode.c.objc; path = HttpUtil.m; sourceTree = "<group>"; };
		5446E96B2075B8080080DBCC /* ImageAndTextCell.h */ = {isa = PBXFileReference; lastKnownFileType = sourcecode.c.h; path = ImageAndTextCell.h; sourceTree = "<group>"; };
		5446E96C2075B8080080DBCC /* ImageAndTextCell.m */ = {isa = PBXFileReference; lastKnownFileType = sourcecode.c.objc; path = ImageAndTextCell.m; sourceTree = "<group>"; };
		5446E96F2075C3710080DBCC /* FileOutlineDataSource.h */ = {isa = PBXFileReference; lastKnownFileType = sourcecode.c.h; path = FileOutlineDataSource.h; sourceTree = "<group>"; };
		5446E9702075C3710080DBCC /* FileOutlineDataSource.m */ = {isa = PBXFileReference; lastKnownFileType = sourcecode.c.objc; path = FileOutlineDataSource.m; sourceTree = "<group>"; };
		5455A9F7206C53940030D137 /* close.png */ = {isa = PBXFileReference; lastKnownFileType = image.png; path = close.png; sourceTree = "<group>"; };
		5455A9F9206C69430030D137 /* CustomTableRowView.h */ = {isa = PBXFileReference; lastKnownFileType = sourcecode.c.h; path = CustomTableRowView.h; sourceTree = "<group>"; };
		5455A9FA206C69430030D137 /* CustomTableRowView.m */ = {isa = PBXFileReference; lastKnownFileType = sourcecode.c.objc; path = CustomTableRowView.m; sourceTree = "<group>"; };
		5455A9FC206C697B0030D137 /* CustomTableCellView.h */ = {isa = PBXFileReference; lastKnownFileType = sourcecode.c.h; path = CustomTableCellView.h; sourceTree = "<group>"; };
		5455A9FD206C697B0030D137 /* CustomTableCellView.m */ = {isa = PBXFileReference; lastKnownFileType = sourcecode.c.objc; path = CustomTableCellView.m; sourceTree = "<group>"; };
		5465FAB3206A927D0054F573 /* background.jpg */ = {isa = PBXFileReference; lastKnownFileType = image.jpeg; path = background.jpg; sourceTree = "<group>"; };
		5465FAB8206A94690054F573 /* Version.h */ = {isa = PBXFileReference; fileEncoding = 4; lastKnownFileType = sourcecode.c.h; path = Version.h; sourceTree = "<group>"; };
		5465FABA206A94690054F573 /* JMOverlayView.m */ = {isa = PBXFileReference; fileEncoding = 4; lastKnownFileType = sourcecode.c.objc; path = JMOverlayView.m; sourceTree = "<group>"; };
		5465FABB206A94690054F573 /* JMModalOverlay.m */ = {isa = PBXFileReference; fileEncoding = 4; lastKnownFileType = sourcecode.c.objc; path = JMModalOverlay.m; sourceTree = "<group>"; };
		5465FABC206A94690054F573 /* JMModalOverlay-Info.plist */ = {isa = PBXFileReference; fileEncoding = 4; lastKnownFileType = text.plist.xml; path = "JMModalOverlay-Info.plist"; sourceTree = "<group>"; };
		5465FABD206A94690054F573 /* JMModalOverlay.h */ = {isa = PBXFileReference; fileEncoding = 4; lastKnownFileType = sourcecode.c.h; path = JMModalOverlay.h; sourceTree = "<group>"; };
		5465FABE206A94690054F573 /* JMOverlayView.h */ = {isa = PBXFileReference; fileEncoding = 4; lastKnownFileType = sourcecode.c.h; path = JMOverlayView.h; sourceTree = "<group>"; };
		5465FAC3206A94E00054F573 /* FileListVC.h */ = {isa = PBXFileReference; lastKnownFileType = sourcecode.c.h; path = FileListVC.h; sourceTree = "<group>"; };
		5465FAC4206A94E00054F573 /* FileListVC.m */ = {isa = PBXFileReference; lastKnownFileType = sourcecode.c.objc; path = FileListVC.m; sourceTree = "<group>"; };
		5465FAC6206A9EBE0054F573 /* ColorTitleButtonCell.h */ = {isa = PBXFileReference; lastKnownFileType = sourcecode.c.h; path = ColorTitleButtonCell.h; sourceTree = "<group>"; };
		5465FAC7206A9EBE0054F573 /* ColorTitleButtonCell.m */ = {isa = PBXFileReference; lastKnownFileType = sourcecode.c.objc; path = ColorTitleButtonCell.m; sourceTree = "<group>"; };
		546607422063291800370966 /* StringUtil.h */ = {isa = PBXFileReference; lastKnownFileType = sourcecode.c.h; path = StringUtil.h; sourceTree = "<group>"; };
		546607432063291800370966 /* StringUtil.m */ = {isa = PBXFileReference; lastKnownFileType = sourcecode.c.objc; path = StringUtil.m; sourceTree = "<group>"; };
		5467E4852064FD2900F39920 /* ClickableImageView.h */ = {isa = PBXFileReference; lastKnownFileType = sourcecode.c.h; path = ClickableImageView.h; sourceTree = "<group>"; };
		5467E4862064FD2900F39920 /* ClickableImageView.m */ = {isa = PBXFileReference; lastKnownFileType = sourcecode.c.objc; path = ClickableImageView.m; sourceTree = "<group>"; };
		5498544F2073280900AB8942 /* CustomTextFieldCell.h */ = {isa = PBXFileReference; lastKnownFileType = sourcecode.c.h; path = CustomTextFieldCell.h; sourceTree = "<group>"; };
		549854502073280900AB8942 /* CustomTextFieldCell.m */ = {isa = PBXFileReference; lastKnownFileType = sourcecode.c.objc; path = CustomTextFieldCell.m; sourceTree = "<group>"; };
		549854532073AE7D00AB8942 /* JRSwizzle.h */ = {isa = PBXFileReference; fileEncoding = 4; lastKnownFileType = sourcecode.c.h; path = JRSwizzle.h; sourceTree = "<group>"; };
		549854542073AE7D00AB8942 /* JRSwizzle.m */ = {isa = PBXFileReference; fileEncoding = 4; lastKnownFileType = sourcecode.c.objc; path = JRSwizzle.m; sourceTree = "<group>"; };
		5498545C2073B06800AB8942 /* PrefixHeader.pch */ = {isa = PBXFileReference; lastKnownFileType = sourcecode.c.h; path = PrefixHeader.pch; sourceTree = "<group>"; };
		5498545E2073B23400AB8942 /* NSDictionary+Unicode.h */ = {isa = PBXFileReference; fileEncoding = 4; lastKnownFileType = sourcecode.c.h; path = "NSDictionary+Unicode.h"; sourceTree = "<group>"; };
		5498545F2073B23400AB8942 /* NSDictionary+Unicode.m */ = {isa = PBXFileReference; fileEncoding = 4; lastKnownFileType = sourcecode.c.objc; path = "NSDictionary+Unicode.m"; sourceTree = "<group>"; };
		549854612073B4A000AB8942 /* NSArray+Unicode.h */ = {isa = PBXFileReference; lastKnownFileType = sourcecode.c.h; path = "NSArray+Unicode.h"; sourceTree = "<group>"; };
		549854622073B4A000AB8942 /* NSArray+Unicode.m */ = {isa = PBXFileReference; lastKnownFileType = sourcecode.c.objc; path = "NSArray+Unicode.m"; sourceTree = "<group>"; };
		549FFDFC206C499F001C9D2B /* NSString+Hash.m */ = {isa = PBXFileReference; fileEncoding = 4; lastKnownFileType = sourcecode.c.objc; path = "NSString+Hash.m"; sourceTree = "<group>"; };
		549FFDFD206C499F001C9D2B /* DownLoadManager.h */ = {isa = PBXFileReference; fileEncoding = 4; lastKnownFileType = sourcecode.c.h; path = DownLoadManager.h; sourceTree = "<group>"; };
		549FFDFE206C499F001C9D2B /* NSString+Hash.h */ = {isa = PBXFileReference; fileEncoding = 4; lastKnownFileType = sourcecode.c.h; path = "NSString+Hash.h"; sourceTree = "<group>"; };
		549FFDFF206C499F001C9D2B /* DownLoadManager.m */ = {isa = PBXFileReference; fileEncoding = 4; lastKnownFileType = sourcecode.c.objc; path = DownLoadManager.m; sourceTree = "<group>"; };
		54A25BA5206CEB8F00D3061A /* FileOutlineVC.h */ = {isa = PBXFileReference; lastKnownFileType = sourcecode.c.h; path = FileOutlineVC.h; sourceTree = "<group>"; };
		54A25BA6206CEB8F00D3061A /* FileOutlineVC.m */ = {isa = PBXFileReference; lastKnownFileType = sourcecode.c.objc; path = FileOutlineVC.m; sourceTree = "<group>"; };
		54A25BA8206CF9E000D3061A /* CustomOutlineView.h */ = {isa = PBXFileReference; lastKnownFileType = sourcecode.c.h; path = CustomOutlineView.h; sourceTree = "<group>"; };
		54A25BA9206CF9E000D3061A /* CustomOutlineView.m */ = {isa = PBXFileReference; lastKnownFileType = sourcecode.c.objc; path = CustomOutlineView.m; sourceTree = "<group>"; };
		54BBF01120674AB800C27FF8 /* folx.png */ = {isa = PBXFileReference; lastKnownFileType = image.png; path = folx.png; sourceTree = "<group>"; };
		54BBF01220674AB800C27FF8 /* thunder.png */ = {isa = PBXFileReference; lastKnownFileType = image.png; path = thunder.png; sourceTree = "<group>"; };
		54BBF01520674C5200C27FF8 /* copy_link.png */ = {isa = PBXFileReference; lastKnownFileType = image.png; path = copy_link.png; sourceTree = "<group>"; };
		54BBF01720674E7600C27FF8 /* convert.png */ = {isa = PBXFileReference; lastKnownFileType = image.png; path = convert.png; sourceTree = "<group>"; };
		54BBF01920676C7100C27FF8 /* arrows.png */ = {isa = PBXFileReference; lastKnownFileType = image.png; path = arrows.png; sourceTree = "<group>"; };
		54BBF01B20676D6300C27FF8 /* download.png */ = {isa = PBXFileReference; lastKnownFileType = image.png; path = download.png; sourceTree = "<group>"; };
		54BBF0252067799B00C27FF8 /* checkcode.png */ = {isa = PBXFileReference; lastKnownFileType = image.png; path = checkcode.png; sourceTree = "<group>"; };
		54BBF0272068097600C27FF8 /* libxml2.2.tbd */ = {isa = PBXFileReference; lastKnownFileType = "sourcecode.text-based-dylib-definition"; name = libxml2.2.tbd; path = usr/lib/libxml2.2.tbd; sourceTree = SDKROOT; };
		54BBF048206815D100C27FF8 /* SetDataModel.h */ = {isa = PBXFileReference; lastKnownFileType = sourcecode.c.h; path = SetDataModel.h; sourceTree = "<group>"; };
		54BBF049206815D100C27FF8 /* SetDataModel.m */ = {isa = PBXFileReference; lastKnownFileType = sourcecode.c.objc; path = SetDataModel.m; sourceTree = "<group>"; };
		54CFC67C206378B7004F0C25 /* JavaScriptCore.framework */ = {isa = PBXFileReference; lastKnownFileType = wrapper.framework; name = JavaScriptCore.framework; path = System/Library/Frameworks/JavaScriptCore.framework; sourceTree = SDKROOT; };
		54E48CAC206CCC400088B954 /* CustomOutlineRowView.h */ = {isa = PBXFileReference; lastKnownFileType = sourcecode.c.h; path = CustomOutlineRowView.h; sourceTree = "<group>"; };
		54E48CAD206CCC400088B954 /* CustomOutlineRowView.m */ = {isa = PBXFileReference; lastKnownFileType = sourcecode.c.objc; path = CustomOutlineRowView.m; sourceTree = "<group>"; };
		54E48CB8206CD2FE0088B954 /* CustomWindowVC.h */ = {isa = PBXFileReference; lastKnownFileType = sourcecode.c.h; path = CustomWindowVC.h; sourceTree = "<group>"; };
		54E48CB9206CD2FE0088B954 /* CustomWindowVC.m */ = {isa = PBXFileReference; lastKnownFileType = sourcecode.c.objc; path = CustomWindowVC.m; sourceTree = "<group>"; };
		65A55BF2B930BCDDBD217304 /* Pods-BaiduDownloader.debug.xcconfig */ = {isa = PBXFileReference; includeInIndex = 1; lastKnownFileType = text.xcconfig; name = "Pods-BaiduDownloader.debug.xcconfig"; path = "Pods/Target Support Files/Pods-BaiduDownloader/Pods-BaiduDownloader.debug.xcconfig"; sourceTree = "<group>"; };
		EEC99FB40D9B14CC6C5AC013 /* Pods_BaiduDownloader.framework */ = {isa = PBXFileReference; explicitFileType = wrapper.framework; includeInIndex = 0; path = Pods_BaiduDownloader.framework; sourceTree = BUILT_PRODUCTS_DIR; };
		F67AB1C341AD46075E290D8D /* Pods-BaiduDownloader.release.xcconfig */ = {isa = PBXFileReference; includeInIndex = 1; lastKnownFileType = text.xcconfig; name = "Pods-BaiduDownloader.release.xcconfig"; path = "Pods/Target Support Files/Pods-BaiduDownloader/Pods-BaiduDownloader.release.xcconfig"; sourceTree = "<group>"; };
/* End PBXFileReference section */

/* Begin PBXFrameworksBuildPhase section */
		54461D20205F8ABC00C2835B /* Frameworks */ = {
			isa = PBXFrameworksBuildPhase;
			buildActionMask = 2147483647;
			files = (
				54CFC67D206378B8004F0C25 /* JavaScriptCore.framework in Frameworks */,
				2201D76DCD9DD8ABF83DBF34 /* Pods_BaiduDownloader.framework in Frameworks */,
			);
			runOnlyForDeploymentPostprocessing = 0;
		};
/* End PBXFrameworksBuildPhase section */

/* Begin PBXGroup section */
		0358E7F7D167E7333E891130 /* Frameworks */ = {
			isa = PBXGroup;
			children = (
				54BBF0272068097600C27FF8 /* libxml2.2.tbd */,
				54CFC67C206378B7004F0C25 /* JavaScriptCore.framework */,
				EEC99FB40D9B14CC6C5AC013 /* Pods_BaiduDownloader.framework */,
			);
			name = Frameworks;
			sourceTree = "<group>";
		};
		54140225206BD45E00F8733E /* OrderedDictionary */ = {
			isa = PBXGroup;
			children = (
				54140227206BD47100F8733E /* OrderedDictionary.h */,
				54140226206BD47100F8733E /* OrderedDictionary.m */,
			);
			path = OrderedDictionary;
			sourceTree = "<group>";
		};
		541F24592074355C00A186D5 /* Debug */ = {
			isa = PBXGroup;
			children = (
				541F24562074355700A186D5 /* NSObject+DebugDescription.h */,
				541F24572074355700A186D5 /* NSObject+DebugDescription.m */,
			);
			path = Debug;
			sourceTree = "<group>";
		};
		541F2460207499D200A186D5 /* Frameworks */ = {
			isa = PBXGroup;
			children = (
			);
			path = Frameworks;
			sourceTree = "<group>";
		};
		54461D1A205F8ABC00C2835B = {
			isa = PBXGroup;
			children = (
				54461D25205F8ABC00C2835B /* BaiduDownloader */,
				54461D24205F8ABC00C2835B /* Products */,
				AA10EE730DB8ECEAA36EDA44 /* Pods */,
				0358E7F7D167E7333E891130 /* Frameworks */,
			);
			sourceTree = "<group>";
		};
		54461D24205F8ABC00C2835B /* Products */ = {
			isa = PBXGroup;
			children = (
				54461D23205F8ABC00C2835B /* BaiduDownloader.app */,
			);
			name = Products;
			sourceTree = "<group>";
		};
		54461D25205F8ABC00C2835B /* BaiduDownloader */ = {
			isa = PBXGroup;
			children = (
				54461D26205F8ABC00C2835B /* AppDelegate.h */,
				54461D27205F8ABC00C2835B /* AppDelegate.m */,
				54461D2C205F8ABC00C2835B /* Assets.xcassets */,
				5498545C2073B06800AB8942 /* PrefixHeader.pch */,
				54461D34205F8ABC00C2835B /* BaiduDownloader.entitlements */,
				5455A9F1206C4C490030D137 /* Dependency */,
				54BBF047206815B900C27FF8 /* Images */,
				54461D31205F8ABC00C2835B /* Info.plist */,
				54461D32205F8ABC00C2835B /* main.m */,
				54461D2E205F8ABC00C2835B /* Main.storyboard */,
				5455A9F4206C4CE00030D137 /* Model */,
				5455A9F6206C4D070030D137 /* VIew */,
				5455A9F5206C4CE80030D137 /* ViewController */,
			);
			path = BaiduDownloader;
			sourceTree = "<group>";
		};
		5446E96E2075BE1F0080DBCC /* CustomOutlineView */ = {
			isa = PBXGroup;
			children = (
				54E48CAC206CCC400088B954 /* CustomOutlineRowView.h */,
				54E48CAD206CCC400088B954 /* CustomOutlineRowView.m */,
				54A25BA8206CF9E000D3061A /* CustomOutlineView.h */,
				54A25BA9206CF9E000D3061A /* CustomOutlineView.m */,
				5446E96B2075B8080080DBCC /* ImageAndTextCell.h */,
				5446E96C2075B8080080DBCC /* ImageAndTextCell.m */,
			);
			path = CustomOutlineView;
			sourceTree = "<group>";
		};
		5455A9F1206C4C490030D137 /* Dependency */ = {
			isa = PBXGroup;
			children = (
				541F2460207499D200A186D5 /* Frameworks */,
				541F24592074355C00A186D5 /* Debug */,
				5498545D2073B23400AB8942 /* Unicode */,
				549854522073AE7400AB8942 /* JRSwizzle */,
				5455A9F3206C4CB60030D137 /* Util */,
				5465FAB5206A94690054F573 /* CustomUI */,
				549FFDFB206C499F001C9D2B /* Network */,
				54140225206BD45E00F8733E /* OrderedDictionary */,
			);
			path = Dependency;
			sourceTree = "<group>";
		};
		5455A9F3206C4CB60030D137 /* Util */ = {
			isa = PBXGroup;
			children = (
				54461D3A205F8B6B00C2835B /* HttpUtil.h */,
				54461D3B205F8B6B00C2835B /* HttpUtil.m */,
				549FFDFE206C499F001C9D2B /* NSString+Hash.h */,
				549FFDFC206C499F001C9D2B /* NSString+Hash.m */,
				546607422063291800370966 /* StringUtil.h */,
				546607432063291800370966 /* StringUtil.m */,
			);
			path = Util;
			sourceTree = "<group>";
		};
		5455A9F4206C4CE00030D137 /* Model */ = {
			isa = PBXGroup;
			children = (
				54BBF048206815D100C27FF8 /* SetDataModel.h */,
				54BBF049206815D100C27FF8 /* SetDataModel.m */,
				5446E96F2075C3710080DBCC /* FileOutlineDataSource.h */,
				5446E9702075C3710080DBCC /* FileOutlineDataSource.m */,
			);
			path = Model;
			sourceTree = "<group>";
		};
		5455A9F5206C4CE80030D137 /* ViewController */ = {
			isa = PBXGroup;
			children = (
				5465FAC3206A94E00054F573 /* FileListVC.h */,
				5465FAC4206A94E00054F573 /* FileListVC.m */,
				54A25BA5206CEB8F00D3061A /* FileOutlineVC.h */,
				54A25BA6206CEB8F00D3061A /* FileOutlineVC.m */,
				54461D29205F8ABC00C2835B /* ViewController.h */,
				54461D2A205F8ABC00C2835B /* ViewController.m */,
				54E48CB8206CD2FE0088B954 /* CustomWindowVC.h */,
				54E48CB9206CD2FE0088B954 /* CustomWindowVC.m */,
			);
			path = ViewController;
			sourceTree = "<group>";
		};
		5455A9F6206C4D070030D137 /* VIew */ = {
			isa = PBXGroup;
			children = (
				5446E96E2075BE1F0080DBCC /* CustomOutlineView */,
				5467E4852064FD2900F39920 /* ClickableImageView.h */,
				5467E4862064FD2900F39920 /* ClickableImageView.m */,
				5465FAC6206A9EBE0054F573 /* ColorTitleButtonCell.h */,
				5465FAC7206A9EBE0054F573 /* ColorTitleButtonCell.m */,
				5455A9F9206C69430030D137 /* CustomTableRowView.h */,
				5455A9FA206C69430030D137 /* CustomTableRowView.m */,
				5455A9FC206C697B0030D137 /* CustomTableCellView.h */,
				5455A9FD206C697B0030D137 /* CustomTableCellView.m */,
				5498544F2073280900AB8942 /* CustomTextFieldCell.h */,
				549854502073280900AB8942 /* CustomTextFieldCell.m */,
			);
			path = VIew;
			sourceTree = "<group>";
		};
		5465FAB5206A94690054F573 /* CustomUI */ = {
			isa = PBXGroup;
			children = (
				5465FAB8206A94690054F573 /* Version.h */,
				5465FABD206A94690054F573 /* JMModalOverlay.h */,
				5465FABB206A94690054F573 /* JMModalOverlay.m */,
				5465FABC206A94690054F573 /* JMModalOverlay-Info.plist */,
				5465FABE206A94690054F573 /* JMOverlayView.h */,
				5465FABA206A94690054F573 /* JMOverlayView.m */,
			);
			path = CustomUI;
			sourceTree = "<group>";
		};
		549854522073AE7400AB8942 /* JRSwizzle */ = {
			isa = PBXGroup;
			children = (
				549854532073AE7D00AB8942 /* JRSwizzle.h */,
				549854542073AE7D00AB8942 /* JRSwizzle.m */,
			);
			path = JRSwizzle;
			sourceTree = "<group>";
		};
		5498545D2073B23400AB8942 /* Unicode */ = {
			isa = PBXGroup;
			children = (
				5498545E2073B23400AB8942 /* NSDictionary+Unicode.h */,
				5498545F2073B23400AB8942 /* NSDictionary+Unicode.m */,
				549854612073B4A000AB8942 /* NSArray+Unicode.h */,
				549854622073B4A000AB8942 /* NSArray+Unicode.m */,
			);
			path = Unicode;
			sourceTree = "<group>";
		};
		549FFDFB206C499F001C9D2B /* Network */ = {
			isa = PBXGroup;
			children = (
				549FFDFD206C499F001C9D2B /* DownLoadManager.h */,
				549FFDFF206C499F001C9D2B /* DownLoadManager.m */,
			);
			path = Network;
			sourceTree = "<group>";
		};
		54BBF047206815B900C27FF8 /* Images */ = {
			isa = PBXGroup;
			children = (
				5455A9F7206C53940030D137 /* close.png */,
				5465FAB3206A927D0054F573 /* background.jpg */,
				54BBF0252067799B00C27FF8 /* checkcode.png */,
				54BBF01B20676D6300C27FF8 /* download.png */,
				54BBF01920676C7100C27FF8 /* arrows.png */,
				54BBF01720674E7600C27FF8 /* convert.png */,
				54BBF01520674C5200C27FF8 /* copy_link.png */,
				54BBF01120674AB800C27FF8 /* folx.png */,
				54BBF01220674AB800C27FF8 /* thunder.png */,
			);
			path = Images;
			sourceTree = "<group>";
		};
		AA10EE730DB8ECEAA36EDA44 /* Pods */ = {
			isa = PBXGroup;
			children = (
				65A55BF2B930BCDDBD217304 /* Pods-BaiduDownloader.debug.xcconfig */,
				F67AB1C341AD46075E290D8D /* Pods-BaiduDownloader.release.xcconfig */,
			);
			name = Pods;
			sourceTree = "<group>";
		};
/* End PBXGroup section */

/* Begin PBXNativeTarget section */
		54461D22205F8ABC00C2835B /* BaiduDownloader */ = {
			isa = PBXNativeTarget;
			buildConfigurationList = 54461D37205F8ABC00C2835B /* Build configuration list for PBXNativeTarget "BaiduDownloader" */;
			buildPhases = (
				D298966DEFF3D67A563DBCB9 /* [CP] Check Pods Manifest.lock */,
				54461D1F205F8ABC00C2835B /* Sources */,
				54461D20205F8ABC00C2835B /* Frameworks */,
				54461D21205F8ABC00C2835B /* Resources */,
				A5DA121F8EA0CCFA6D7F0CE5 /* [CP] Embed Pods Frameworks */,
				D9D4393D49F651DD02050D10 /* [CP] Copy Pods Resources */,
			);
			buildRules = (
			);
			dependencies = (
			);
			name = BaiduDownloader;
			productName = BaiduDownloader;
			productReference = 54461D23205F8ABC00C2835B /* BaiduDownloader.app */;
			productType = "com.apple.product-type.application";
		};
/* End PBXNativeTarget section */

/* Begin PBXProject section */
		54461D1B205F8ABC00C2835B /* Project object */ = {
			isa = PBXProject;
			attributes = {
				LastUpgradeCheck = 0930;
				ORGANIZATIONNAME = "Godlike Studio";
				TargetAttributes = {
					54461D22205F8ABC00C2835B = {
						CreatedOnToolsVersion = 9.2;
						ProvisioningStyle = Automatic;
					};
				};
			};
			buildConfigurationList = 54461D1E205F8ABC00C2835B /* Build configuration list for PBXProject "BaiduDownloader" */;
			compatibilityVersion = "Xcode 8.0";
			developmentRegion = en;
			hasScannedForEncodings = 0;
			knownRegions = (
				en,
				Base,
			);
			mainGroup = 54461D1A205F8ABC00C2835B;
			productRefGroup = 54461D24205F8ABC00C2835B /* Products */;
			projectDirPath = "";
			projectRoot = "";
			targets = (
				54461D22205F8ABC00C2835B /* BaiduDownloader */,
			);
		};
/* End PBXProject section */

/* Begin PBXResourcesBuildPhase section */
		54461D21205F8ABC00C2835B /* Resources */ = {
			isa = PBXResourcesBuildPhase;
			buildActionMask = 2147483647;
			files = (
				54BBF01320674AB800C27FF8 /* folx.png in Resources */,
				54BBF01420674AB800C27FF8 /* thunder.png in Resources */,
				54461D2D205F8ABC00C2835B /* Assets.xcassets in Resources */,
				54BBF01A20676C7100C27FF8 /* arrows.png in Resources */,
				54BBF0262067799C00C27FF8 /* checkcode.png in Resources */,
				54BBF01C20676D6300C27FF8 /* download.png in Resources */,
				5455A9F8206C53940030D137 /* close.png in Resources */,
				54BBF01620674C5200C27FF8 /* copy_link.png in Resources */,
				54BBF01820674E7600C27FF8 /* convert.png in Resources */,
				5465FAB4206A927D0054F573 /* background.jpg in Resources */,
				5465FAC2206A94690054F573 /* JMModalOverlay-Info.plist in Resources */,
				54461D30205F8ABC00C2835B /* Main.storyboard in Resources */,
			);
			runOnlyForDeploymentPostprocessing = 0;
		};
/* End PBXResourcesBuildPhase section */

/* Begin PBXShellScriptBuildPhase section */
		A5DA121F8EA0CCFA6D7F0CE5 /* [CP] Embed Pods Frameworks */ = {
			isa = PBXShellScriptBuildPhase;
			buildActionMask = 2147483647;
			files = (
			);
			inputPaths = (
				"${SRCROOT}/Pods/Target Support Files/Pods-BaiduDownloader/Pods-BaiduDownloader-frameworks.sh",
				"${BUILT_PRODUCTS_DIR}/AFNetworking/AFNetworking.framework",
				"${BUILT_PRODUCTS_DIR}/Ono/Ono.framework",
				"${BUILT_PRODUCTS_DIR}/SDWebImage/SDWebImage.framework",
				"${BUILT_PRODUCTS_DIR}/YYModel/YYModel.framework",
			);
			name = "[CP] Embed Pods Frameworks";
			outputPaths = (
				"${TARGET_BUILD_DIR}/${FRAMEWORKS_FOLDER_PATH}/AFNetworking.framework",
				"${TARGET_BUILD_DIR}/${FRAMEWORKS_FOLDER_PATH}/Ono.framework",
				"${TARGET_BUILD_DIR}/${FRAMEWORKS_FOLDER_PATH}/SDWebImage.framework",
				"${TARGET_BUILD_DIR}/${FRAMEWORKS_FOLDER_PATH}/YYModel.framework",
			);
			runOnlyForDeploymentPostprocessing = 0;
			shellPath = /bin/sh;
			shellScript = "\"${SRCROOT}/Pods/Target Support Files/Pods-BaiduDownloader/Pods-BaiduDownloader-frameworks.sh\"\n";
			showEnvVarsInLog = 0;
		};
		D298966DEFF3D67A563DBCB9 /* [CP] Check Pods Manifest.lock */ = {
			isa = PBXShellScriptBuildPhase;
			buildActionMask = 2147483647;
			files = (
			);
			inputPaths = (
				"${PODS_PODFILE_DIR_PATH}/Podfile.lock",
				"${PODS_ROOT}/Manifest.lock",
			);
			name = "[CP] Check Pods Manifest.lock";
			outputPaths = (
				"$(DERIVED_FILE_DIR)/Pods-BaiduDownloader-checkManifestLockResult.txt",
			);
			runOnlyForDeploymentPostprocessing = 0;
			shellPath = /bin/sh;
			shellScript = "diff \"${PODS_PODFILE_DIR_PATH}/Podfile.lock\" \"${PODS_ROOT}/Manifest.lock\" > /dev/null\nif [ $? != 0 ] ; then\n    # print error to STDERR\n    echo \"error: The sandbox is not in sync with the Podfile.lock. Run 'pod install' or update your CocoaPods installation.\" >&2\n    exit 1\nfi\n# This output is used by Xcode 'outputs' to avoid re-running this script phase.\necho \"SUCCESS\" > \"${SCRIPT_OUTPUT_FILE_0}\"\n";
			showEnvVarsInLog = 0;
		};
		D9D4393D49F651DD02050D10 /* [CP] Copy Pods Resources */ = {
			isa = PBXShellScriptBuildPhase;
			buildActionMask = 2147483647;
			files = (
			);
			inputPaths = (
			);
			name = "[CP] Copy Pods Resources";
			outputPaths = (
			);
			runOnlyForDeploymentPostprocessing = 0;
			shellPath = /bin/sh;
			shellScript = "\"${SRCROOT}/Pods/Target Support Files/Pods-BaiduDownloader/Pods-BaiduDownloader-resources.sh\"\n";
			showEnvVarsInLog = 0;
		};
/* End PBXShellScriptBuildPhase section */

/* Begin PBXSourcesBuildPhase section */
		54461D1F205F8ABC00C2835B /* Sources */ = {
			isa = PBXSourcesBuildPhase;
			buildActionMask = 2147483647;
			files = (
				546607442063291800370966 /* StringUtil.m in Sources */,
				54E48CBA206CD2FE0088B954 /* CustomWindowVC.m in Sources */,
				54461D2B205F8ABC00C2835B /* ViewController.m in Sources */,
				54E48CAE206CCC400088B954 /* CustomOutlineRowView.m in Sources */,
				54BBF04A206815D100C27FF8 /* SetDataModel.m in Sources */,
				549FFE01206C499F001C9D2B /* DownLoadManager.m in Sources */,
				5446E96D2075B8080080DBCC /* ImageAndTextCell.m in Sources */,
				54461D33205F8ABC00C2835B /* main.m in Sources */,
				54A25BAA206CF9E000D3061A /* CustomOutlineView.m in Sources */,
				5465FAC1206A94690054F573 /* JMModalOverlay.m in Sources */,
				54461D28205F8ABC00C2835B /* AppDelegate.m in Sources */,
				5465FAC8206A9EBE0054F573 /* ColorTitleButtonCell.m in Sources */,
				541F24582074355700A186D5 /* NSObject+DebugDescription.m in Sources */,
				549FFE00206C499F001C9D2B /* NSString+Hash.m in Sources */,
				54461D3C205F8B6B00C2835B /* HttpUtil.m in Sources */,
				5455A9FB206C69430030D137 /* CustomTableRowView.m in Sources */,
				54A25BA7206CEB8F00D3061A /* FileOutlineVC.m in Sources */,
				5465FAC0206A94690054F573 /* JMOverlayView.m in Sources */,
				54140228206BD47100F8733E /* OrderedDictionary.m in Sources */,
				5465FAC5206A94E00054F573 /* FileListVC.m in Sources */,
				5455A9FE206C697B0030D137 /* CustomTableCellView.m in Sources */,
				549854512073280900AB8942 /* CustomTextFieldCell.m in Sources */,
				549854552073AE7D00AB8942 /* JRSwizzle.m in Sources */,
				5446E9712075C3710080DBCC /* FileOutlineDataSource.m in Sources */,
				5467E4872064FD2900F39920 /* ClickableImageView.m in Sources */,
				549854632073B4A000AB8942 /* NSArray+Unicode.m in Sources */,
				549854602073B23500AB8942 /* NSDictionary+Unicode.m in Sources */,
			);
			runOnlyForDeploymentPostprocessing = 0;
		};
/* End PBXSourcesBuildPhase section */

/* Begin PBXVariantGroup section */
		54461D2E205F8ABC00C2835B /* Main.storyboard */ = {
			isa = PBXVariantGroup;
			children = (
				54461D2F205F8ABC00C2835B /* Base */,
			);
			name = Main.storyboard;
			sourceTree = "<group>";
		};
/* End PBXVariantGroup section */

/* Begin XCBuildConfiguration section */
		54461D35205F8ABC00C2835B /* Debug */ = {
			isa = XCBuildConfiguration;
			buildSettings = {
				ALWAYS_SEARCH_USER_PATHS = NO;
				CLANG_ANALYZER_NONNULL = YES;
				CLANG_ANALYZER_NUMBER_OBJECT_CONVERSION = YES_AGGRESSIVE;
				CLANG_CXX_LANGUAGE_STANDARD = "gnu++14";
				CLANG_CXX_LIBRARY = "libc++";
				CLANG_ENABLE_MODULES = YES;
				CLANG_ENABLE_OBJC_ARC = YES;
				CLANG_WARN_BLOCK_CAPTURE_AUTORELEASING = YES;
				CLANG_WARN_BOOL_CONVERSION = YES;
				CLANG_WARN_COMMA = YES;
				CLANG_WARN_CONSTANT_CONVERSION = YES;
				CLANG_WARN_DEPRECATED_OBJC_IMPLEMENTATIONS = YES;
				CLANG_WARN_DIRECT_OBJC_ISA_USAGE = YES_ERROR;
				CLANG_WARN_DOCUMENTATION_COMMENTS = YES;
				CLANG_WARN_EMPTY_BODY = YES;
				CLANG_WARN_ENUM_CONVERSION = YES;
				CLANG_WARN_INFINITE_RECURSION = YES;
				CLANG_WARN_INT_CONVERSION = YES;
				CLANG_WARN_NON_LITERAL_NULL_CONVERSION = YES;
				CLANG_WARN_OBJC_IMPLICIT_RETAIN_SELF = YES;
				CLANG_WARN_OBJC_LITERAL_CONVERSION = YES;
				CLANG_WARN_OBJC_ROOT_CLASS = YES_ERROR;
				CLANG_WARN_RANGE_LOOP_ANALYSIS = YES;
				CLANG_WARN_STRICT_PROTOTYPES = YES;
				CLANG_WARN_SUSPICIOUS_MOVE = YES;
				CLANG_WARN_UNGUARDED_AVAILABILITY = YES_AGGRESSIVE;
				CLANG_WARN_UNREACHABLE_CODE = YES;
				CLANG_WARN__DUPLICATE_METHOD_MATCH = YES;
				CODE_SIGN_IDENTITY = "Mac Developer";
				COPY_PHASE_STRIP = NO;
				DEBUG_INFORMATION_FORMAT = dwarf;
				ENABLE_STRICT_OBJC_MSGSEND = YES;
				ENABLE_TESTABILITY = YES;
				GCC_C_LANGUAGE_STANDARD = gnu11;
				GCC_DYNAMIC_NO_PIC = NO;
				GCC_NO_COMMON_BLOCKS = YES;
				GCC_OPTIMIZATION_LEVEL = 0;
				GCC_PREPROCESSOR_DEFINITIONS = (
					"DEBUG=1",
					"$(inherited)",
				);
				GCC_WARN_64_TO_32_BIT_CONVERSION = YES;
				GCC_WARN_ABOUT_RETURN_TYPE = YES_ERROR;
				GCC_WARN_UNDECLARED_SELECTOR = YES;
				GCC_WARN_UNINITIALIZED_AUTOS = YES_AGGRESSIVE;
				GCC_WARN_UNUSED_FUNCTION = YES;
				GCC_WARN_UNUSED_VARIABLE = YES;
				MACOSX_DEPLOYMENT_TARGET = 10.12;
				MTL_ENABLE_DEBUG_INFO = YES;
				ONLY_ACTIVE_ARCH = YES;
				SDKROOT = macosx;
			};
			name = Debug;
		};
		54461D36205F8ABC00C2835B /* Release */ = {
			isa = XCBuildConfiguration;
			buildSettings = {
				ALWAYS_SEARCH_USER_PATHS = NO;
				CLANG_ANALYZER_NONNULL = YES;
				CLANG_ANALYZER_NUMBER_OBJECT_CONVERSION = YES_AGGRESSIVE;
				CLANG_CXX_LANGUAGE_STANDARD = "gnu++14";
				CLANG_CXX_LIBRARY = "libc++";
				CLANG_ENABLE_MODULES = YES;
				CLANG_ENABLE_OBJC_ARC = YES;
				CLANG_WARN_BLOCK_CAPTURE_AUTORELEASING = YES;
				CLANG_WARN_BOOL_CONVERSION = YES;
				CLANG_WARN_COMMA = YES;
				CLANG_WARN_CONSTANT_CONVERSION = YES;
				CLANG_WARN_DEPRECATED_OBJC_IMPLEMENTATIONS = YES;
				CLANG_WARN_DIRECT_OBJC_ISA_USAGE = YES_ERROR;
				CLANG_WARN_DOCUMENTATION_COMMENTS = YES;
				CLANG_WARN_EMPTY_BODY = YES;
				CLANG_WARN_ENUM_CONVERSION = YES;
				CLANG_WARN_INFINITE_RECURSION = YES;
				CLANG_WARN_INT_CONVERSION = YES;
				CLANG_WARN_NON_LITERAL_NULL_CONVERSION = YES;
				CLANG_WARN_OBJC_IMPLICIT_RETAIN_SELF = YES;
				CLANG_WARN_OBJC_LITERAL_CONVERSION = YES;
				CLANG_WARN_OBJC_ROOT_CLASS = YES_ERROR;
				CLANG_WARN_RANGE_LOOP_ANALYSIS = YES;
				CLANG_WARN_STRICT_PROTOTYPES = YES;
				CLANG_WARN_SUSPICIOUS_MOVE = YES;
				CLANG_WARN_UNGUARDED_AVAILABILITY = YES_AGGRESSIVE;
				CLANG_WARN_UNREACHABLE_CODE = YES;
				CLANG_WARN__DUPLICATE_METHOD_MATCH = YES;
				CODE_SIGN_IDENTITY = "Mac Developer";
				COPY_PHASE_STRIP = NO;
				DEBUG_INFORMATION_FORMAT = "dwarf-with-dsym";
				ENABLE_NS_ASSERTIONS = NO;
				ENABLE_STRICT_OBJC_MSGSEND = YES;
				GCC_C_LANGUAGE_STANDARD = gnu11;
				GCC_NO_COMMON_BLOCKS = YES;
				GCC_WARN_64_TO_32_BIT_CONVERSION = YES;
				GCC_WARN_ABOUT_RETURN_TYPE = YES_ERROR;
				GCC_WARN_UNDECLARED_SELECTOR = YES;
				GCC_WARN_UNINITIALIZED_AUTOS = YES_AGGRESSIVE;
				GCC_WARN_UNUSED_FUNCTION = YES;
				GCC_WARN_UNUSED_VARIABLE = YES;
				MACOSX_DEPLOYMENT_TARGET = 10.12;
				MTL_ENABLE_DEBUG_INFO = NO;
				SDKROOT = macosx;
			};
			name = Release;
		};
		54461D38205F8ABC00C2835B /* Debug */ = {
			isa = XCBuildConfiguration;
			baseConfigurationReference = 65A55BF2B930BCDDBD217304 /* Pods-BaiduDownloader.debug.xcconfig */;
			buildSettings = {
				ASSETCATALOG_COMPILER_APPICON_NAME = AppIcon;
				CODE_SIGN_ENTITLEMENTS = BaiduDownloader/BaiduDownloader.entitlements;
				CODE_SIGN_STYLE = Automatic;
				COMBINE_HIDPI_IMAGES = YES;
				DEVELOPMENT_TEAM = LQW337MH2W;
				FRAMEWORK_SEARCH_PATHS = (
					"$(inherited)",
					"$(PROJECT_DIR)/BaiduDownloader/Dependency/Frameworks",
				);
				GCC_PRECOMPILE_PREFIX_HEADER = YES;
				GCC_PREFIX_HEADER = "$(SRCROOT)/$(TARGET_NAME)/PrefixHeader.pch";
				HEADER_SEARCH_PATHS = (
					"$(inherited)",
					"\"${PODS_ROOT}/Headers/Public\"",
					"\"${PODS_ROOT}/Headers/Public/AFNetworking\"",
					"\"${PODS_ROOT}/Headers/Public/YYModel\"",
				);
				INFOPLIST_FILE = BaiduDownloader/Info.plist;
				LD_RUNPATH_SEARCH_PATHS = "$(inherited) @executable_path/../Frameworks";
				PRODUCT_BUNDLE_IDENTIFIER = com.godlike.BaiduDownloader;
				PRODUCT_NAME = "$(TARGET_NAME)";
			};
			name = Debug;
		};
		54461D39205F8ABC00C2835B /* Release */ = {
			isa = XCBuildConfiguration;
			baseConfigurationReference = F67AB1C341AD46075E290D8D /* Pods-BaiduDownloader.release.xcconfig */;
			buildSettings = {
				ASSETCATALOG_COMPILER_APPICON_NAME = AppIcon;
				CODE_SIGN_ENTITLEMENTS = BaiduDownloader/BaiduDownloader.entitlements;
				CODE_SIGN_STYLE = Automatic;
				COMBINE_HIDPI_IMAGES = YES;
				DEVELOPMENT_TEAM = LQW337MH2W;
				FRAMEWORK_SEARCH_PATHS = (
					"$(inherited)",
					"$(PROJECT_DIR)/BaiduDownloader/Dependency/Frameworks",
				);
				GCC_PRECOMPILE_PREFIX_HEADER = YES;
				GCC_PREFIX_HEADER = "$(SRCROOT)/$(TARGET_NAME)/PrefixHeader.pch";
				HEADER_SEARCH_PATHS = (
					"$(inherited)",
					"\"${PODS_ROOT}/Headers/Public\"",
					"\"${PODS_ROOT}/Headers/Public/AFNetworking\"",
					"\"${PODS_ROOT}/Headers/Public/YYModel\"",
				);
				INFOPLIST_FILE = BaiduDownloader/Info.plist;
				LD_RUNPATH_SEARCH_PATHS = "$(inherited) @executable_path/../Frameworks";
				PRODUCT_BUNDLE_IDENTIFIER = com.godlike.BaiduDownloader;
				PRODUCT_NAME = "$(TARGET_NAME)";
			};
			name = Release;
		};
/* End XCBuildConfiguration section */

/* Begin XCConfigurationList section */
		54461D1E205F8ABC00C2835B /* Build configuration list for PBXProject "BaiduDownloader" */ = {
			isa = XCConfigurationList;
			buildConfigurations = (
				54461D35205F8ABC00C2835B /* Debug */,
				54461D36205F8ABC00C2835B /* Release */,
			);
			defaultConfigurationIsVisible = 0;
			defaultConfigurationName = Release;
		};
		54461D37205F8ABC00C2835B /* Build configuration list for PBXNativeTarget "BaiduDownloader" */ = {
			isa = XCConfigurationList;
			buildConfigurations = (
				54461D38205F8ABC00C2835B /* Debug */,
				54461D39205F8ABC00C2835B /* Release */,
			);
			defaultConfigurationIsVisible = 0;
			defaultConfigurationName = Release;
		};
/* End XCConfigurationList section */
	};
	rootObject = 54461D1B205F8ABC00C2835B /* Project object */;
}
